PODS:
  - AgoraRtcEngine_iOS (3.1.0)
  - GCDWebServer (3.5.4):
    - GCDWebServer/Core (= 3.5.4)
  - GCDWebServer/Core (3.5.4)
  - Masonry (1.1.0)

DEPENDENCIES:
  - AgoraRtcEngine_iOS
  - GCDWebServer
  - Masonry

SPEC REPOS:
  https://github.com/CocoaPods/Specs.git:
    - AgoraRtcEngine_iOS
    - GCDWebServer
    - Masonry

SPEC CHECKSUMS:
  AgoraRtcEngine_iOS: 59db1384cef2791af5bcaa8784191a30569bf9e6
  GCDWebServer: 2c156a56c8226e2d5c0c3f208a3621ccffbe3ce4
  Masonry: 678fab65091a9290e40e2832a55e7ab731aad201

PODFILE CHECKSUM: 4ff734d519810b65b70df86660e032b7605cdbd7

COCOAPODS: 1.10.0
