// !$*UTF8*$!
{
	archiveVersion = 1;
	classes = {
	};
	objectVersion = 52;
	objects = {

/* Begin PBXBuildFile section */
		0207DA581B56EA530066E2B4 /* Images.xcassets in Resources */ = {isa = PBXBuildFile; fileRef = 0207DA571B56EA530066E2B4 /* Images.xcassets */; };
		12A7D180D04648F2933E8FB1 /* YogaAgoraSenderView.m in Sources */ = {isa = PBXBuildFile; fileRef = 297FDAA23CF845298CDB091B /* YogaAgoraSenderView.m */; };
		12B2DF78564746F2977DF8A7 /* YogaAgoraReceiverCollectionView.h in Sources */ = {isa = PBXBuildFile; fileRef = 8363D069430547C49F722DA2 /* YogaAgoraReceiverCollectionView.h */; };
		1B263398A0AD46EE8D77856A /* YogaAgoraReceiver.m in Sources */ = {isa = PBXBuildFile; fileRef = 15CE3B5AB7744EFF910E3A43 /* YogaAgoraReceiver.m */; };
		1D3623260D0F684500981E51 /* AppDelegate.m in Sources */ = {isa = PBXBuildFile; fileRef = 1D3623250D0F684500981E51 /* AppDelegate.m */; };
		1D60589B0D05DD56006BFB54 /* main.m in Sources */ = {isa = PBXBuildFile; fileRef = 29B97316FDCFA39411CA2CEA /* main.m */; };
		1E45AF5B19204EB5953F79E6 /* YogaAgoraUserModel.h in Sources */ = {isa = PBXBuildFile; fileRef = 56208F6EFD174E7DA60CD056 /* YogaAgoraUserModel.h */; };
		2191FE6C7E2A4446B4C276E7 /* back.png in Sources */ = {isa = PBXBuildFile; fileRef = 9B92ABABD0BB4C18993C469B /* back.png */; };
		2EE12A7BC3B049EF9A888B1D /* YogaAgoraReceiverView.h in Sources */ = {isa = PBXBuildFile; fileRef = 849A794B24CA483CA054719B /* YogaAgoraReceiverView.h */; };
		301BF552109A68D80062928A /* libCordova.a in Frameworks */ = {isa = PBXBuildFile; fileRef = 301BF535109A57CC0062928A /* libCordova.a */; settings = {ATTRIBUTES = (Required, ); }; };
		302D95F114D2391D003F00A1 /* MainViewController.m in Sources */ = {isa = PBXBuildFile; fileRef = 302D95EF14D2391D003F00A1 /* MainViewController.m */; };
		302D95F214D2391D003F00A1 /* MainViewController.xib in Resources */ = {isa = PBXBuildFile; fileRef = 302D95F014D2391D003F00A1 /* MainViewController.xib */; };
		324C4B0888AE401E8AC05795 /* YogaAgoraViewController.h in Sources */ = {isa = PBXBuildFile; fileRef = 2E3DFCC1FB00446AA9B33726 /* YogaAgoraViewController.h */; };
		3DF3A715B66647DFACD82AB9 /* YogaAgoraReceiver.h in Sources */ = {isa = PBXBuildFile; fileRef = 56B514914F454D9BBC78A084 /* YogaAgoraReceiver.h */; };
		46E3ADE21D814850B27F400F /* voiceOn.png in Sources */ = {isa = PBXBuildFile; fileRef = AE039684420746D586A2443C /* voiceOn.png */; };
		4DA3764FECF74CECBCEB5D59 /* YogaAgoraReceiverCollectionView.m in Sources */ = {isa = PBXBuildFile; fileRef = FE0DCEFE062E4A22BF0F30D2 /* YogaAgoraReceiverCollectionView.m */; };
		5602E7CFE55F4656B59B4BB5 /* YogaAgoraSender.m in Sources */ = {isa = PBXBuildFile; fileRef = C03F1F81076040BE9C92B595 /* YogaAgoraSender.m */; };
		6AFF5BF91D6E424B00AB3073 /* CDVLaunchScreen.storyboard in Resources */ = {isa = PBXBuildFile; fileRef = 6AFF5BF81D6E424B00AB3073 /* CDVLaunchScreen.storyboard */; };
		6D421073EE1A4AC09C46C87C /* YogaAgoraSenderView.h in Sources */ = {isa = PBXBuildFile; fileRef = 745C545480A64E7DB688C1D1 /* YogaAgoraSenderView.h */; };
		75D396B8BE5E459896CD3BA5 /* YogaAgoraUserModel.m in Sources */ = {isa = PBXBuildFile; fileRef = 4120F42718084162B9E17617 /* YogaAgoraUserModel.m */; };
		805C6FBFF2D5445590ADCF15 /* YogaAgoraSender.h in Sources */ = {isa = PBXBuildFile; fileRef = FCCDFAE288204BF583038B98 /* YogaAgoraSender.h */; };
		84146D7B81DB44F48E7669E6 /* YogaAgoraUtil.h in Sources */ = {isa = PBXBuildFile; fileRef = 2E41E225E9F94EEAA11CFE1B /* YogaAgoraUtil.h */; };
		886DD3E399C7443E8D45B10C /* YogaAgoraUtil.m in Sources */ = {isa = PBXBuildFile; fileRef = 39636892F4D84302BDEA2B46 /* YogaAgoraUtil.m */; };
		8B96913BC3A3469E81F40388 /* voiceMute.png in Sources */ = {isa = PBXBuildFile; fileRef = A9E8C2204D854F84AEC46D7A /* voiceMute.png */; };
		8E15443F02794F29BB2B75DD /* YogaAgoraShared.h in Sources */ = {isa = PBXBuildFile; fileRef = A2797DFA52FA41649A7C61C6 /* YogaAgoraShared.h */; };
		A4F4BF0386D64D53A5E55D71 /* videoOn.png in Sources */ = {isa = PBXBuildFile; fileRef = 2E12F73DE4D64C1C9D75B9DD /* videoOn.png */; };
		A84D2188FBC54F6EB2A6DA36 /* videoMute.png in Sources */ = {isa = PBXBuildFile; fileRef = 45F30CE40BF543CF9B1B336C /* videoMute.png */; };
		AD465AE4EE89F286E7A42751 /* Pods_Agora.framework in Frameworks */ = {isa = PBXBuildFile; fileRef = 9CCD08E37005CF04476B1DA4 /* Pods_Agora.framework */; };
		B5EC42775E844805B8361E28 /* YogaAgoraReceiverCell.m in Sources */ = {isa = PBXBuildFile; fileRef = 348C50CC5B39488DB257B8CA /* YogaAgoraReceiverCell.m */; };
		BE187166B5D94D57883AFBE4 /* YogaAgoraReceiverCell.h in Sources */ = {isa = PBXBuildFile; fileRef = 77699986C9544C6C9EB4814B /* YogaAgoraReceiverCell.h */; };
		C09D476E46964A7B825A1D7F /* YogaAgora.m in Sources */ = {isa = PBXBuildFile; fileRef = 2882F11EC1174949A3A5F849 /* YogaAgora.m */; };
		C1CA44D32F3F4E7491D83F73 /* YogaAgoraShared.m in Sources */ = {isa = PBXBuildFile; fileRef = F262BB1F05A94800BA9F4BEC /* YogaAgoraShared.m */; };
		CA846C01F54C46E9ABA56187 /* YogaAgoraReceiverView.m in Sources */ = {isa = PBXBuildFile; fileRef = 8062DC24699149B289C61664 /* YogaAgoraReceiverView.m */; };
		DBCF4E791FF94F61879F5B31 /* YogaAgoraViewController.m in Sources */ = {isa = PBXBuildFile; fileRef = 84C1C16ECE4C4DFA9C8D624D /* YogaAgoraViewController.m */; };
/* End PBXBuildFile section */

/* Begin PBXContainerItemProxy section */
		301BF534109A57CC0062928A /* PBXContainerItemProxy */ = {
			isa = PBXContainerItemProxy;
			containerPortal = 301BF52D109A57CC0062928A /* CordovaLib.xcodeproj */;
			proxyType = 2;
			remoteGlobalIDString = D2AAC07E0554694100DB518D;
			remoteInfo = CordovaLib;
		};
		301BF550109A68C00062928A /* PBXContainerItemProxy */ = {
			isa = PBXContainerItemProxy;
			containerPortal = 301BF52D109A57CC0062928A /* CordovaLib.xcodeproj */;
			proxyType = 1;
			remoteGlobalIDString = D2AAC07D0554694100DB518D;
			remoteInfo = CordovaLib;
		};
		907D8123214C687600058A10 /* PBXContainerItemProxy */ = {
			isa = PBXContainerItemProxy;
			containerPortal = 301BF52D109A57CC0062928A /* CordovaLib.xcodeproj */;
			proxyType = 2;
			remoteGlobalIDString = C0C01EB21E3911D50056E6CB;
			remoteInfo = Cordova;
		};
/* End PBXContainerItemProxy section */

/* Begin PBXFileReference section */
		0207DA571B56EA530066E2B4 /* Images.xcassets */ = {isa = PBXFileReference; lastKnownFileType = folder.assetcatalog; name = Images.xcassets; path = Agora/Images.xcassets; sourceTree = SOURCE_ROOT; };
		097FFC7F74731BBDB687BCB6 /* Pods-Agora.release.xcconfig */ = {isa = PBXFileReference; includeInIndex = 1; lastKnownFileType = text.xcconfig; name = "Pods-Agora.release.xcconfig"; path = "Target Support Files/Pods-Agora/Pods-Agora.release.xcconfig"; sourceTree = "<group>"; };
		15CE3B5AB7744EFF910E3A43 /* YogaAgoraReceiver.m */ = {isa = PBXFileReference; explicitFileType = undefined; fileEncoding = 4; includeInIndex = 0; lastKnownFileType = sourcecode.c.objc; name = YogaAgoraReceiver.m; path = CDVYogaAgoraRTC/YogaAgoraReceiver.m; sourceTree = "<group>"; };
		1D3623240D0F684500981E51 /* AppDelegate.h */ = {isa = PBXFileReference; fileEncoding = 4; lastKnownFileType = sourcecode.c.h; path = AppDelegate.h; sourceTree = "<group>"; };
		1D3623250D0F684500981E51 /* AppDelegate.m */ = {isa = PBXFileReference; fileEncoding = 4; lastKnownFileType = sourcecode.c.objc; path = AppDelegate.m; sourceTree = "<group>"; };
		1D6058910D05DD3D006BFB54 /* Agora.app */ = {isa = PBXFileReference; explicitFileType = wrapper.application; includeInIndex = 0; path = Agora.app; sourceTree = BUILT_PRODUCTS_DIR; };
		2882F11EC1174949A3A5F849 /* YogaAgora.m */ = {isa = PBXFileReference; explicitFileType = undefined; fileEncoding = 4; includeInIndex = 0; lastKnownFileType = sourcecode.c.objc; name = YogaAgora.m; path = CDVYogaAgoraRTC/YogaAgora.m; sourceTree = "<group>"; };
		297FDAA23CF845298CDB091B /* YogaAgoraSenderView.m */ = {isa = PBXFileReference; explicitFileType = undefined; fileEncoding = 4; includeInIndex = 0; lastKnownFileType = sourcecode.c.objc; name = YogaAgoraSenderView.m; path = CDVYogaAgoraRTC/YogaAgoraSenderView.m; sourceTree = "<group>"; };
		29B97316FDCFA39411CA2CEA /* main.m */ = {isa = PBXFileReference; fileEncoding = 4; lastKnownFileType = sourcecode.c.objc; path = main.m; sourceTree = "<group>"; };
		2E12F73DE4D64C1C9D75B9DD /* videoOn.png */ = {isa = PBXFileReference; explicitFileType = undefined; fileEncoding = undefined; includeInIndex = 0; lastKnownFileType = unknown; name = videoOn.png; path = CDVYogaAgoraRTC/videoOn.png; sourceTree = "<group>"; };
		2E3DFCC1FB00446AA9B33726 /* YogaAgoraViewController.h */ = {isa = PBXFileReference; explicitFileType = undefined; fileEncoding = 4; includeInIndex = 0; lastKnownFileType = sourcecode.c.h; name = YogaAgoraViewController.h; path = CDVYogaAgoraRTC/YogaAgoraViewController.h; sourceTree = "<group>"; };
		2E41E225E9F94EEAA11CFE1B /* YogaAgoraUtil.h */ = {isa = PBXFileReference; explicitFileType = undefined; fileEncoding = 4; includeInIndex = 0; lastKnownFileType = sourcecode.c.h; name = YogaAgoraUtil.h; path = CDVYogaAgoraRTC/YogaAgoraUtil.h; sourceTree = "<group>"; };
		301BF52D109A57CC0062928A /* CordovaLib.xcodeproj */ = {isa = PBXFileReference; lastKnownFileType = "wrapper.pb-project"; name = CordovaLib.xcodeproj; path = CordovaLib/CordovaLib.xcodeproj; sourceTree = "<group>"; };
		301BF56E109A69640062928A /* www */ = {isa = PBXFileReference; lastKnownFileType = folder; path = www; sourceTree = SOURCE_ROOT; };
		302D95EE14D2391D003F00A1 /* MainViewController.h */ = {isa = PBXFileReference; fileEncoding = 4; lastKnownFileType = sourcecode.c.h; path = MainViewController.h; sourceTree = "<group>"; };
		302D95EF14D2391D003F00A1 /* MainViewController.m */ = {isa = PBXFileReference; fileEncoding = 4; lastKnownFileType = sourcecode.c.objc; path = MainViewController.m; sourceTree = "<group>"; };
		302D95F014D2391D003F00A1 /* MainViewController.xib */ = {isa = PBXFileReference; fileEncoding = 4; lastKnownFileType = file.xib; path = MainViewController.xib; sourceTree = "<group>"; };
		3047A50F1AB8059700498E2A /* build-debug.xcconfig */ = {isa = PBXFileReference; fileEncoding = 4; lastKnownFileType = text.xcconfig; name = "build-debug.xcconfig"; path = "cordova/build-debug.xcconfig"; sourceTree = SOURCE_ROOT; };
		3047A5101AB8059700498E2A /* build-release.xcconfig */ = {isa = PBXFileReference; fileEncoding = 4; lastKnownFileType = text.xcconfig; name = "build-release.xcconfig"; path = "cordova/build-release.xcconfig"; sourceTree = SOURCE_ROOT; };
		3047A5111AB8059700498E2A /* build.xcconfig */ = {isa = PBXFileReference; fileEncoding = 4; lastKnownFileType = text.xcconfig; name = build.xcconfig; path = cordova/build.xcconfig; sourceTree = SOURCE_ROOT; };
		32CA4F630368D1EE00C91783 /* Agora-Prefix.pch */ = {isa = PBXFileReference; fileEncoding = 4; lastKnownFileType = sourcecode.c.h; path = "Agora-Prefix.pch"; sourceTree = "<group>"; };
		348C50CC5B39488DB257B8CA /* YogaAgoraReceiverCell.m */ = {isa = PBXFileReference; explicitFileType = undefined; fileEncoding = 4; includeInIndex = 0; lastKnownFileType = sourcecode.c.objc; name = YogaAgoraReceiverCell.m; path = CDVYogaAgoraRTC/YogaAgoraReceiverCell.m; sourceTree = "<group>"; };
		39636892F4D84302BDEA2B46 /* YogaAgoraUtil.m */ = {isa = PBXFileReference; explicitFileType = undefined; fileEncoding = 4; includeInIndex = 0; lastKnownFileType = sourcecode.c.objc; name = YogaAgoraUtil.m; path = CDVYogaAgoraRTC/YogaAgoraUtil.m; sourceTree = "<group>"; };
		4120F42718084162B9E17617 /* YogaAgoraUserModel.m */ = {isa = PBXFileReference; explicitFileType = undefined; fileEncoding = 4; includeInIndex = 0; lastKnownFileType = sourcecode.c.objc; name = YogaAgoraUserModel.m; path = CDVYogaAgoraRTC/YogaAgoraUserModel.m; sourceTree = "<group>"; };
		45F30CE40BF543CF9B1B336C /* videoMute.png */ = {isa = PBXFileReference; explicitFileType = undefined; fileEncoding = undefined; includeInIndex = 0; lastKnownFileType = unknown; name = videoMute.png; path = CDVYogaAgoraRTC/videoMute.png; sourceTree = "<group>"; };
		4C8159BDE577C236D4E721F0 /* Pods-Agora.debug.xcconfig */ = {isa = PBXFileReference; includeInIndex = 1; lastKnownFileType = text.xcconfig; name = "Pods-Agora.debug.xcconfig"; path = "Target Support Files/Pods-Agora/Pods-Agora.debug.xcconfig"; sourceTree = "<group>"; };
		56208F6EFD174E7DA60CD056 /* YogaAgoraUserModel.h */ = {isa = PBXFileReference; explicitFileType = undefined; fileEncoding = 4; includeInIndex = 0; lastKnownFileType = sourcecode.c.h; name = YogaAgoraUserModel.h; path = CDVYogaAgoraRTC/YogaAgoraUserModel.h; sourceTree = "<group>"; };
		56B514914F454D9BBC78A084 /* YogaAgoraReceiver.h */ = {isa = PBXFileReference; explicitFileType = undefined; fileEncoding = 4; includeInIndex = 0; lastKnownFileType = sourcecode.c.h; name = YogaAgoraReceiver.h; path = CDVYogaAgoraRTC/YogaAgoraReceiver.h; sourceTree = "<group>"; };
		6AFF5BF81D6E424B00AB3073 /* CDVLaunchScreen.storyboard */ = {isa = PBXFileReference; fileEncoding = 4; lastKnownFileType = file.storyboard; name = CDVLaunchScreen.storyboard; path = Agora/CDVLaunchScreen.storyboard; sourceTree = SOURCE_ROOT; };
		745C545480A64E7DB688C1D1 /* YogaAgoraSenderView.h */ = {isa = PBXFileReference; explicitFileType = undefined; fileEncoding = 4; includeInIndex = 0; lastKnownFileType = sourcecode.c.h; name = YogaAgoraSenderView.h; path = CDVYogaAgoraRTC/YogaAgoraSenderView.h; sourceTree = "<group>"; };
		77699986C9544C6C9EB4814B /* YogaAgoraReceiverCell.h */ = {isa = PBXFileReference; explicitFileType = undefined; fileEncoding = 4; includeInIndex = 0; lastKnownFileType = sourcecode.c.h; name = YogaAgoraReceiverCell.h; path = CDVYogaAgoraRTC/YogaAgoraReceiverCell.h; sourceTree = "<group>"; };
		8062DC24699149B289C61664 /* YogaAgoraReceiverView.m */ = {isa = PBXFileReference; explicitFileType = undefined; fileEncoding = 4; includeInIndex = 0; lastKnownFileType = sourcecode.c.objc; name = YogaAgoraReceiverView.m; path = CDVYogaAgoraRTC/YogaAgoraReceiverView.m; sourceTree = "<group>"; };
		8363D069430547C49F722DA2 /* YogaAgoraReceiverCollectionView.h */ = {isa = PBXFileReference; explicitFileType = undefined; fileEncoding = 4; includeInIndex = 0; lastKnownFileType = sourcecode.c.h; name = YogaAgoraReceiverCollectionView.h; path = CDVYogaAgoraRTC/YogaAgoraReceiverCollectionView.h; sourceTree = "<group>"; };
		849A794B24CA483CA054719B /* YogaAgoraReceiverView.h */ = {isa = PBXFileReference; explicitFileType = undefined; fileEncoding = 4; includeInIndex = 0; lastKnownFileType = sourcecode.c.h; name = YogaAgoraReceiverView.h; path = CDVYogaAgoraRTC/YogaAgoraReceiverView.h; sourceTree = "<group>"; };
		84C1C16ECE4C4DFA9C8D624D /* YogaAgoraViewController.m */ = {isa = PBXFileReference; explicitFileType = undefined; fileEncoding = 4; includeInIndex = 0; lastKnownFileType = sourcecode.c.objc; name = YogaAgoraViewController.m; path = CDVYogaAgoraRTC/YogaAgoraViewController.m; sourceTree = "<group>"; };
		8D1107310486CEB800E47090 /* Agora-Info.plist */ = {isa = PBXFileReference; fileEncoding = 4; lastKnownFileType = text.plist.xml; name = "Agora-Info.plist"; path = "Agora/Agora-Info.plist"; plistStructureDefinitionIdentifier = "com.apple.xcode.plist.structure-definition.iphone.info-plist"; sourceTree = SOURCE_ROOT; };
		9B92ABABD0BB4C18993C469B /* back.png */ = {isa = PBXFileReference; explicitFileType = undefined; fileEncoding = undefined; includeInIndex = 0; lastKnownFileType = unknown; name = back.png; path = CDVYogaAgoraRTC/back.png; sourceTree = "<group>"; };
		9CCD08E37005CF04476B1DA4 /* Pods_Agora.framework */ = {isa = PBXFileReference; explicitFileType = wrapper.framework; includeInIndex = 0; path = Pods_Agora.framework; sourceTree = BUILT_PRODUCTS_DIR; };
		A2797DFA52FA41649A7C61C6 /* YogaAgoraShared.h */ = {isa = PBXFileReference; explicitFileType = undefined; fileEncoding = 4; includeInIndex = 0; lastKnownFileType = sourcecode.c.h; name = YogaAgoraShared.h; path = CDVYogaAgoraRTC/YogaAgoraShared.h; sourceTree = "<group>"; };
		A9E8C2204D854F84AEC46D7A /* voiceMute.png */ = {isa = PBXFileReference; explicitFileType = undefined; fileEncoding = undefined; includeInIndex = 0; lastKnownFileType = unknown; name = voiceMute.png; path = CDVYogaAgoraRTC/voiceMute.png; sourceTree = "<group>"; };
		AE039684420746D586A2443C /* voiceOn.png */ = {isa = PBXFileReference; explicitFileType = undefined; fileEncoding = undefined; includeInIndex = 0; lastKnownFileType = unknown; name = voiceOn.png; path = CDVYogaAgoraRTC/voiceOn.png; sourceTree = "<group>"; };
		C03F1F81076040BE9C92B595 /* YogaAgoraSender.m */ = {isa = PBXFileReference; explicitFileType = undefined; fileEncoding = 4; includeInIndex = 0; lastKnownFileType = sourcecode.c.objc; name = YogaAgoraSender.m; path = CDVYogaAgoraRTC/YogaAgoraSender.m; sourceTree = "<group>"; };
		EB87FDF31871DA8E0020F90C /* www */ = {isa = PBXFileReference; lastKnownFileType = folder; name = www; path = ../../www; sourceTree = "<group>"; };
		EB87FDF41871DAF40020F90C /* config.xml */ = {isa = PBXFileReference; lastKnownFileType = text.xml; name = config.xml; path = ../../config.xml; sourceTree = "<group>"; };
		ED33DF2A687741AEAF9F8254 /* Bridging-Header.h */ = {isa = PBXFileReference; fileEncoding = 4; lastKnownFileType = sourcecode.c.h; path = "Bridging-Header.h"; sourceTree = "<group>"; };
		F262BB1F05A94800BA9F4BEC /* YogaAgoraShared.m */ = {isa = PBXFileReference; explicitFileType = undefined; fileEncoding = 4; includeInIndex = 0; lastKnownFileType = sourcecode.c.objc; name = YogaAgoraShared.m; path = CDVYogaAgoraRTC/YogaAgoraShared.m; sourceTree = "<group>"; };
		F840E1F0165FE0F500CFE078 /* config.xml */ = {isa = PBXFileReference; lastKnownFileType = text.xml; name = config.xml; path = Agora/config.xml; sourceTree = "<group>"; };
		FCCDFAE288204BF583038B98 /* YogaAgoraSender.h */ = {isa = PBXFileReference; explicitFileType = undefined; fileEncoding = 4; includeInIndex = 0; lastKnownFileType = sourcecode.c.h; name = YogaAgoraSender.h; path = CDVYogaAgoraRTC/YogaAgoraSender.h; sourceTree = "<group>"; };
		FE0DCEFE062E4A22BF0F30D2 /* YogaAgoraReceiverCollectionView.m */ = {isa = PBXFileReference; explicitFileType = undefined; fileEncoding = 4; includeInIndex = 0; lastKnownFileType = sourcecode.c.objc; name = YogaAgoraReceiverCollectionView.m; path = CDVYogaAgoraRTC/YogaAgoraReceiverCollectionView.m; sourceTree = "<group>"; };
/* End PBXFileReference section */

/* Begin PBXFrameworksBuildPhase section */
		1D60588F0D05DD3D006BFB54 /* Frameworks */ = {
			isa = PBXFrameworksBuildPhase;
			buildActionMask = 2147483647;
			files = (
				301BF552109A68D80062928A /* libCordova.a in Frameworks */,
				AD465AE4EE89F286E7A42751 /* Pods_Agora.framework in Frameworks */,
			);
			runOnlyForDeploymentPostprocessing = 0;
		};
/* End PBXFrameworksBuildPhase section */

/* Begin PBXGroup section */
		080E96DDFE201D6D7F000001 /* Classes */ = {
			isa = PBXGroup;
			children = (
				302D95EE14D2391D003F00A1 /* MainViewController.h */,
				302D95EF14D2391D003F00A1 /* MainViewController.m */,
				302D95F014D2391D003F00A1 /* MainViewController.xib */,
				1D3623240D0F684500981E51 /* AppDelegate.h */,
				1D3623250D0F684500981E51 /* AppDelegate.m */,
			);
			name = Classes;
			path = Agora/Classes;
			sourceTree = SOURCE_ROOT;
		};
		19C28FACFE9D520D11CA2CBB /* Products */ = {
			isa = PBXGroup;
			children = (
				1D6058910D05DD3D006BFB54 /* Agora.app */,
			);
			name = Products;
			sourceTree = "<group>";
		};
		29B97314FDCFA39411CA2CEA = {
			isa = PBXGroup;
			children = (
				EB87FDF41871DAF40020F90C /* config.xml */,
				EB87FDF31871DA8E0020F90C /* www */,
				EB87FDF11871DA420020F90C /* Staging */,
				301BF52D109A57CC0062928A /* CordovaLib.xcodeproj */,
				080E96DDFE201D6D7F000001 /* Classes */,
				307C750510C5A3420062BCA9 /* Plugins */,
				29B97315FDCFA39411CA2CEA /* Other Sources */,
				29B97317FDCFA39411CA2CEA /* Resources */,
				29B97323FDCFA39411CA2CEA /* Frameworks */,
				19C28FACFE9D520D11CA2CBB /* Products */,
				36F0ACDEF5A5610761093297 /* Pods */,
			);
			name = CustomTemplate;
			sourceTree = "<group>";
		};
		29B97315FDCFA39411CA2CEA /* Other Sources */ = {
			isa = PBXGroup;
			children = (
				32CA4F630368D1EE00C91783 /* Agora-Prefix.pch */,
				29B97316FDCFA39411CA2CEA /* main.m */,
				ED33DF2A687741AEAF9F8254 /* Bridging-Header.h */,
			);
			name = "Other Sources";
			path = Agora;
			sourceTree = "<group>";
		};
		29B97317FDCFA39411CA2CEA /* Resources */ = {
			isa = PBXGroup;
			children = (
				0207DA571B56EA530066E2B4 /* Images.xcassets */,
				3047A50E1AB8057F00498E2A /* config */,
				8D1107310486CEB800E47090 /* Agora-Info.plist */,
				6AFF5BF81D6E424B00AB3073 /* CDVLaunchScreen.storyboard */,
			);
			name = Resources;
			path = Agora/Resources;
			sourceTree = "<group>";
		};
		29B97323FDCFA39411CA2CEA /* Frameworks */ = {
			isa = PBXGroup;
			children = (
				9CCD08E37005CF04476B1DA4 /* Pods_Agora.framework */,
			);
			name = Frameworks;
			sourceTree = "<group>";
		};
		301BF52E109A57CC0062928A /* Products */ = {
			isa = PBXGroup;
			children = (
				301BF535109A57CC0062928A /* libCordova.a */,
				907D8124214C687600058A10 /* Cordova.framework */,
			);
			name = Products;
			sourceTree = "<group>";
		};
		3047A50E1AB8057F00498E2A /* config */ = {
			isa = PBXGroup;
			children = (
				3047A50F1AB8059700498E2A /* build-debug.xcconfig */,
				3047A5101AB8059700498E2A /* build-release.xcconfig */,
				3047A5111AB8059700498E2A /* build.xcconfig */,
			);
			name = config;
			sourceTree = "<group>";
		};
		307C750510C5A3420062BCA9 /* Plugins */ = {
			isa = PBXGroup;
			children = (
				2882F11EC1174949A3A5F849 /* YogaAgora.m */,
				A2797DFA52FA41649A7C61C6 /* YogaAgoraShared.h */,
				F262BB1F05A94800BA9F4BEC /* YogaAgoraShared.m */,
				849A794B24CA483CA054719B /* YogaAgoraReceiverView.h */,
				8062DC24699149B289C61664 /* YogaAgoraReceiverView.m */,
				8363D069430547C49F722DA2 /* YogaAgoraReceiverCollectionView.h */,
				FE0DCEFE062E4A22BF0F30D2 /* YogaAgoraReceiverCollectionView.m */,
				77699986C9544C6C9EB4814B /* YogaAgoraReceiverCell.h */,
				348C50CC5B39488DB257B8CA /* YogaAgoraReceiverCell.m */,
				745C545480A64E7DB688C1D1 /* YogaAgoraSenderView.h */,
				297FDAA23CF845298CDB091B /* YogaAgoraSenderView.m */,
				2E3DFCC1FB00446AA9B33726 /* YogaAgoraViewController.h */,
				84C1C16ECE4C4DFA9C8D624D /* YogaAgoraViewController.m */,
				56B514914F454D9BBC78A084 /* YogaAgoraReceiver.h */,
				15CE3B5AB7744EFF910E3A43 /* YogaAgoraReceiver.m */,
				FCCDFAE288204BF583038B98 /* YogaAgoraSender.h */,
				C03F1F81076040BE9C92B595 /* YogaAgoraSender.m */,
				2E41E225E9F94EEAA11CFE1B /* YogaAgoraUtil.h */,
				39636892F4D84302BDEA2B46 /* YogaAgoraUtil.m */,
				56208F6EFD174E7DA60CD056 /* YogaAgoraUserModel.h */,
				4120F42718084162B9E17617 /* YogaAgoraUserModel.m */,
				45F30CE40BF543CF9B1B336C /* videoMute.png */,
				2E12F73DE4D64C1C9D75B9DD /* videoOn.png */,
				A9E8C2204D854F84AEC46D7A /* voiceMute.png */,
				AE039684420746D586A2443C /* voiceOn.png */,
				9B92ABABD0BB4C18993C469B /* back.png */,
			);
			name = Plugins;
			path = Agora/Plugins;
			sourceTree = SOURCE_ROOT;
		};
		36F0ACDEF5A5610761093297 /* Pods */ = {
			isa = PBXGroup;
			children = (
				4C8159BDE577C236D4E721F0 /* Pods-Agora.debug.xcconfig */,
				097FFC7F74731BBDB687BCB6 /* Pods-Agora.release.xcconfig */,
			);
			path = Pods;
			sourceTree = "<group>";
		};
		EB87FDF11871DA420020F90C /* Staging */ = {
			isa = PBXGroup;
			children = (
				F840E1F0165FE0F500CFE078 /* config.xml */,
				301BF56E109A69640062928A /* www */,
			);
			name = Staging;
			sourceTree = "<group>";
		};
/* End PBXGroup section */

/* Begin PBXNativeTarget section */
		1D6058900D05DD3D006BFB54 /* Agora */ = {
			isa = PBXNativeTarget;
			buildConfigurationList = 1D6058960D05DD3E006BFB54 /* Build configuration list for PBXNativeTarget "Agora" */;
			buildPhases = (
				CA5BB7CDE88B833626A0A4A3 /* [CP] Check Pods Manifest.lock */,
				304B58A110DAC018002A0835 /* Copy www directory */,
				1D60588D0D05DD3D006BFB54 /* Resources */,
				1D60588E0D05DD3D006BFB54 /* Sources */,
				1D60588F0D05DD3D006BFB54 /* Frameworks */,
				6DBCBA693FD19ADCBA042A7B /* [CP] Embed Pods Frameworks */,
			);
			buildRules = (
			);
			dependencies = (
				301BF551109A68C00062928A /* PBXTargetDependency */,
			);
			name = Agora;
			productName = Agora;
			productReference = 1D6058910D05DD3D006BFB54 /* Agora.app */;
			productType = "com.apple.product-type.application";
		};
/* End PBXNativeTarget section */

/* Begin PBXProject section */
		29B97313FDCFA39411CA2CEA /* Project object */ = {
			isa = PBXProject;
			attributes = {
				LastUpgradeCheck = 1130;
			};
			buildConfigurationList = C01FCF4E08A954540054247B /* Build configuration list for PBXProject "Agora" */;
			compatibilityVersion = "Xcode 11.0";
			developmentRegion = en;
			hasScannedForEncodings = 1;
			knownRegions = (
				en,
				Base,
			);
			mainGroup = 29B97314FDCFA39411CA2CEA;
			productRefGroup = 19C28FACFE9D520D11CA2CBB /* Products */;
			projectDirPath = "";
			projectReferences = (
				{
					ProductGroup = 301BF52E109A57CC0062928A /* Products */;
					ProjectRef = 301BF52D109A57CC0062928A /* CordovaLib.xcodeproj */;
				},
			);
			projectRoot = "";
			targets = (
				1D6058900D05DD3D006BFB54 /* Agora */,
			);
		};
/* End PBXProject section */

/* Begin PBXReferenceProxy section */
		301BF535109A57CC0062928A /* libCordova.a */ = {
			isa = PBXReferenceProxy;
			fileType = archive.ar;
			path = libCordova.a;
			remoteRef = 301BF534109A57CC0062928A /* PBXContainerItemProxy */;
			sourceTree = BUILT_PRODUCTS_DIR;
		};
		907D8124214C687600058A10 /* Cordova.framework */ = {
			isa = PBXReferenceProxy;
			fileType = wrapper.framework;
			path = Cordova.framework;
			remoteRef = 907D8123214C687600058A10 /* PBXContainerItemProxy */;
			sourceTree = BUILT_PRODUCTS_DIR;
		};
/* End PBXReferenceProxy section */

/* Begin PBXResourcesBuildPhase section */
		1D60588D0D05DD3D006BFB54 /* Resources */ = {
			isa = PBXResourcesBuildPhase;
			buildActionMask = 2147483647;
			files = (
				302D95F214D2391D003F00A1 /* MainViewController.xib in Resources */,
				0207DA581B56EA530066E2B4 /* Images.xcassets in Resources */,
				6AFF5BF91D6E424B00AB3073 /* CDVLaunchScreen.storyboard in Resources */,
			);
			runOnlyForDeploymentPostprocessing = 0;
		};
/* End PBXResourcesBuildPhase section */

/* Begin PBXShellScriptBuildPhase section */
		304B58A110DAC018002A0835 /* Copy www directory */ = {
			isa = PBXShellScriptBuildPhase;
			buildActionMask = 2147483647;
			files = (
			);
			inputPaths = (
			);
			name = "Copy www directory";
			outputPaths = (
			);
			runOnlyForDeploymentPostprocessing = 0;
			shellPath = /bin/sh;
			shellScript = "\"$SRCROOT/Agora/Scripts/copy-www-build-step.sh\"";
			showEnvVarsInLog = 0;
		};
		6DBCBA693FD19ADCBA042A7B /* [CP] Embed Pods Frameworks */ = {
			isa = PBXShellScriptBuildPhase;
			buildActionMask = 2147483647;
			files = (
			);
			inputFileListPaths = (
				"${PODS_ROOT}/Target Support Files/Pods-Agora/Pods-Agora-frameworks-${CONFIGURATION}-input-files.xcfilelist",
			);
			name = "[CP] Embed Pods Frameworks";
			outputFileListPaths = (
				"${PODS_ROOT}/Target Support Files/Pods-Agora/Pods-Agora-frameworks-${CONFIGURATION}-output-files.xcfilelist",
			);
			runOnlyForDeploymentPostprocessing = 0;
			shellPath = /bin/sh;
			shellScript = "\"${PODS_ROOT}/Target Support Files/Pods-Agora/Pods-Agora-frameworks.sh\"\n";
			showEnvVarsInLog = 0;
		};
		CA5BB7CDE88B833626A0A4A3 /* [CP] Check Pods Manifest.lock */ = {
			isa = PBXShellScriptBuildPhase;
			buildActionMask = 2147483647;
			files = (
			);
			inputFileListPaths = (
			);
			inputPaths = (
				"${PODS_PODFILE_DIR_PATH}/Podfile.lock",
				"${PODS_ROOT}/Manifest.lock",
			);
			name = "[CP] Check Pods Manifest.lock";
			outputFileListPaths = (
			);
			outputPaths = (
				"$(DERIVED_FILE_DIR)/Pods-Agora-checkManifestLockResult.txt",
			);
			runOnlyForDeploymentPostprocessing = 0;
			shellPath = /bin/sh;
			shellScript = "diff \"${PODS_PODFILE_DIR_PATH}/Podfile.lock\" \"${PODS_ROOT}/Manifest.lock\" > /dev/null\nif [ $? != 0 ] ; then\n    # print error to STDERR\n    echo \"error: The sandbox is not in sync with the Podfile.lock. Run 'pod install' or update your CocoaPods installation.\" >&2\n    exit 1\nfi\n# This output is used by Xcode 'outputs' to avoid re-running this script phase.\necho \"SUCCESS\" > \"${SCRIPT_OUTPUT_FILE_0}\"\n";
			showEnvVarsInLog = 0;
		};
/* End PBXShellScriptBuildPhase section */

/* Begin PBXSourcesBuildPhase section */
		1D60588E0D05DD3D006BFB54 /* Sources */ = {
			isa = PBXSourcesBuildPhase;
			buildActionMask = 2147483647;
			files = (
				1D60589B0D05DD56006BFB54 /* main.m in Sources */,
				1D3623260D0F684500981E51 /* AppDelegate.m in Sources */,
				302D95F114D2391D003F00A1 /* MainViewController.m in Sources */,
				C09D476E46964A7B825A1D7F /* YogaAgora.m in Sources */,
				8E15443F02794F29BB2B75DD /* YogaAgoraShared.h in Sources */,
				C1CA44D32F3F4E7491D83F73 /* YogaAgoraShared.m in Sources */,
				2EE12A7BC3B049EF9A888B1D /* YogaAgoraReceiverView.h in Sources */,
				CA846C01F54C46E9ABA56187 /* YogaAgoraReceiverView.m in Sources */,
				12B2DF78564746F2977DF8A7 /* YogaAgoraReceiverCollectionView.h in Sources */,
				4DA3764FECF74CECBCEB5D59 /* YogaAgoraReceiverCollectionView.m in Sources */,
				BE187166B5D94D57883AFBE4 /* YogaAgoraReceiverCell.h in Sources */,
				B5EC42775E844805B8361E28 /* YogaAgoraReceiverCell.m in Sources */,
				6D421073EE1A4AC09C46C87C /* YogaAgoraSenderView.h in Sources */,
				12A7D180D04648F2933E8FB1 /* YogaAgoraSenderView.m in Sources */,
				324C4B0888AE401E8AC05795 /* YogaAgoraViewController.h in Sources */,
				DBCF4E791FF94F61879F5B31 /* YogaAgoraViewController.m in Sources */,
				3DF3A715B66647DFACD82AB9 /* YogaAgoraReceiver.h in Sources */,
				1B263398A0AD46EE8D77856A /* YogaAgoraReceiver.m in Sources */,
				805C6FBFF2D5445590ADCF15 /* YogaAgoraSender.h in Sources */,
				5602E7CFE55F4656B59B4BB5 /* YogaAgoraSender.m in Sources */,
				84146D7B81DB44F48E7669E6 /* YogaAgoraUtil.h in Sources */,
				886DD3E399C7443E8D45B10C /* YogaAgoraUtil.m in Sources */,
				1E45AF5B19204EB5953F79E6 /* YogaAgoraUserModel.h in Sources */,
				75D396B8BE5E459896CD3BA5 /* YogaAgoraUserModel.m in Sources */,
				A84D2188FBC54F6EB2A6DA36 /* videoMute.png in Sources */,
				A4F4BF0386D64D53A5E55D71 /* videoOn.png in Sources */,
				8B96913BC3A3469E81F40388 /* voiceMute.png in Sources */,
				46E3ADE21D814850B27F400F /* voiceOn.png in Sources */,
				2191FE6C7E2A4446B4C276E7 /* back.png in Sources */,
			);
			runOnlyForDeploymentPostprocessing = 0;
		};
/* End PBXSourcesBuildPhase section */

/* Begin PBXTargetDependency section */
		301BF551109A68C00062928A /* PBXTargetDependency */ = {
			isa = PBXTargetDependency;
			name = CordovaLib;
			targetProxy = 301BF550109A68C00062928A /* PBXContainerItemProxy */;
		};
/* End PBXTargetDependency section */

/* Begin XCBuildConfiguration section */
		1D6058940D05DD3E006BFB54 /* Debug */ = {
			isa = XCBuildConfiguration;
			baseConfigurationReference = 3047A50F1AB8059700498E2A /* build-debug.xcconfig */;
			buildSettings = {
				ALWAYS_SEARCH_USER_PATHS = NO;
				ASSETCATALOG_COMPILER_APPICON_NAME = AppIcon;
				CLANG_ENABLE_MODULES = YES;
				CLANG_ENABLE_OBJC_ARC = YES;
				CODE_SIGN_STYLE = Manual;
				COPY_PHASE_STRIP = NO;
				DEVELOPMENT_TEAM = AXN7MM93V4;
				GCC_DYNAMIC_NO_PIC = NO;
				GCC_OPTIMIZATION_LEVEL = 0;
				GCC_PRECOMPILE_PREFIX_HEADER = YES;
				GCC_PREFIX_HEADER = "Agora/Agora-Prefix.pch";
				GCC_THUMB_SUPPORT = NO;
				GCC_VERSION = "";
				INFOPLIST_FILE = "Agora/Agora-Info.plist";
				IPHONEOS_DEPLOYMENT_TARGET = 11.0;
				LD_RUNPATH_SEARCH_PATHS = "@executable_path/Frameworks";
				PRODUCT_BUNDLE_IDENTIFIER = com.blockchain.dev;
				PRODUCT_NAME = "$(TARGET_NAME)";
				PROVISIONING_PROFILE_SPECIFIER = blockchaindevcommon;
				TARGETED_DEVICE_FAMILY = "1,2";
			};
			name = Debug;
		};
		1D6058950D05DD3E006BFB54 /* Release */ = {
			isa = XCBuildConfiguration;
			baseConfigurationReference = 3047A5101AB8059700498E2A /* build-release.xcconfig */;
			buildSettings = {
				ALWAYS_SEARCH_USER_PATHS = NO;
				ASSETCATALOG_COMPILER_APPICON_NAME = AppIcon;
				CLANG_ENABLE_MODULES = YES;
				CLANG_ENABLE_OBJC_ARC = YES;
				COPY_PHASE_STRIP = YES;
				GCC_PRECOMPILE_PREFIX_HEADER = YES;
				GCC_PREFIX_HEADER = "Agora/Agora-Prefix.pch";
				GCC_THUMB_SUPPORT = NO;
				GCC_VERSION = "";
				INFOPLIST_FILE = "Agora/Agora-Info.plist";
				IPHONEOS_DEPLOYMENT_TARGET = 11.0;
				LD_RUNPATH_SEARCH_PATHS = "@executable_path/Frameworks";
				PRODUCT_BUNDLE_IDENTIFIER = com.blockchain.dev;
				PRODUCT_NAME = "$(TARGET_NAME)";
				TARGETED_DEVICE_FAMILY = "1,2";
			};
			name = Release;
		};
		C01FCF4F08A954540054247B /* Debug */ = {
			isa = XCBuildConfiguration;
			baseConfigurationReference = 3047A5111AB8059700498E2A /* build.xcconfig */;
			buildSettings = {
				CLANG_ANALYZER_LOCALIZABILITY_NONLOCALIZED = YES;
				CLANG_ENABLE_MODULES = YES;
				CLANG_ENABLE_OBJC_ARC = YES;
				CLANG_WARN_BLOCK_CAPTURE_AUTORELEASING = YES;
				CLANG_WARN_BOOL_CONVERSION = YES;
				CLANG_WARN_COMMA = YES;
				CLANG_WARN_CONSTANT_CONVERSION = YES;
				CLANG_WARN_DEPRECATED_OBJC_IMPLEMENTATIONS = YES;
				CLANG_WARN_EMPTY_BODY = YES;
				CLANG_WARN_ENUM_CONVERSION = YES;
				CLANG_WARN_INFINITE_RECURSION = YES;
				CLANG_WARN_INT_CONVERSION = YES;
				CLANG_WARN_NON_LITERAL_NULL_CONVERSION = YES;
				CLANG_WARN_OBJC_IMPLICIT_RETAIN_SELF = YES;
				CLANG_WARN_OBJC_LITERAL_CONVERSION = YES;
				CLANG_WARN_RANGE_LOOP_ANALYSIS = YES;
				CLANG_WARN_STRICT_PROTOTYPES = YES;
				CLANG_WARN_SUSPICIOUS_MOVE = YES;
				CLANG_WARN_UNREACHABLE_CODE = YES;
				CLANG_WARN__DUPLICATE_METHOD_MATCH = YES;
				ENABLE_STRICT_OBJC_MSGSEND = YES;
				ENABLE_TESTABILITY = YES;
				GCC_C_LANGUAGE_STANDARD = c99;
				GCC_NO_COMMON_BLOCKS = YES;
				GCC_THUMB_SUPPORT = NO;
				GCC_VERSION = "";
				GCC_WARN_64_TO_32_BIT_CONVERSION = YES;
				GCC_WARN_ABOUT_RETURN_TYPE = YES;
				GCC_WARN_UNDECLARED_SELECTOR = YES;
				GCC_WARN_UNINITIALIZED_AUTOS = YES;
				GCC_WARN_UNUSED_FUNCTION = YES;
				GCC_WARN_UNUSED_VARIABLE = YES;
				IPHONEOS_DEPLOYMENT_TARGET = 11.0;
				ONLY_ACTIVE_ARCH = YES;
				SDKROOT = iphoneos;
				SKIP_INSTALL = NO;
				WK_WEB_VIEW_ONLY = 1;
			};
			name = Debug;
		};
		C01FCF5008A954540054247B /* Release */ = {
			isa = XCBuildConfiguration;
			baseConfigurationReference = 3047A5111AB8059700498E2A /* build.xcconfig */;
			buildSettings = {
				CLANG_ANALYZER_LOCALIZABILITY_NONLOCALIZED = YES;
				CLANG_ENABLE_MODULES = YES;
				CLANG_ENABLE_OBJC_ARC = YES;
				CLANG_WARN_BLOCK_CAPTURE_AUTORELEASING = YES;
				CLANG_WARN_BOOL_CONVERSION = YES;
				CLANG_WARN_COMMA = YES;
				CLANG_WARN_CONSTANT_CONVERSION = YES;
				CLANG_WARN_DEPRECATED_OBJC_IMPLEMENTATIONS = YES;
				CLANG_WARN_EMPTY_BODY = YES;
				CLANG_WARN_ENUM_CONVERSION = YES;
				CLANG_WARN_INFINITE_RECURSION = YES;
				CLANG_WARN_INT_CONVERSION = YES;
				CLANG_WARN_NON_LITERAL_NULL_CONVERSION = YES;
				CLANG_WARN_OBJC_IMPLICIT_RETAIN_SELF = YES;
				CLANG_WARN_OBJC_LITERAL_CONVERSION = YES;
				CLANG_WARN_RANGE_LOOP_ANALYSIS = YES;
				CLANG_WARN_STRICT_PROTOTYPES = YES;
				CLANG_WARN_SUSPICIOUS_MOVE = YES;
				CLANG_WARN_UNREACHABLE_CODE = YES;
				CLANG_WARN__DUPLICATE_METHOD_MATCH = YES;
				ENABLE_STRICT_OBJC_MSGSEND = YES;
				GCC_C_LANGUAGE_STANDARD = c99;
				GCC_NO_COMMON_BLOCKS = YES;
				GCC_THUMB_SUPPORT = NO;
				GCC_VERSION = "";
				GCC_WARN_64_TO_32_BIT_CONVERSION = YES;
				GCC_WARN_ABOUT_RETURN_TYPE = YES;
				GCC_WARN_UNDECLARED_SELECTOR = YES;
				GCC_WARN_UNINITIALIZED_AUTOS = YES;
				GCC_WARN_UNUSED_FUNCTION = YES;
				GCC_WARN_UNUSED_VARIABLE = YES;
				IPHONEOS_DEPLOYMENT_TARGET = 11.0;
				SDKROOT = iphoneos;
				SKIP_INSTALL = NO;
				WK_WEB_VIEW_ONLY = 1;
			};
			name = Release;
		};
/* End XCBuildConfiguration section */

/* Begin XCConfigurationList section */
		1D6058960D05DD3E006BFB54 /* Build configuration list for PBXNativeTarget "Agora" */ = {
			isa = XCConfigurationList;
			buildConfigurations = (
				1D6058940D05DD3E006BFB54 /* Debug */,
				1D6058950D05DD3E006BFB54 /* Release */,
			);
			defaultConfigurationIsVisible = 0;
			defaultConfigurationName = Release;
		};
		C01FCF4E08A954540054247B /* Build configuration list for PBXProject "Agora" */ = {
			isa = XCConfigurationList;
			buildConfigurations = (
				C01FCF4F08A954540054247B /* Debug */,
				C01FCF5008A954540054247B /* Release */,
			);
			defaultConfigurationIsVisible = 0;
			defaultConfigurationName = Release;
		};
/* End XCConfigurationList section */
	};
	rootObject = 29B97313FDCFA39411CA2CEA /* Project object */;
}
