// !$*UTF8*$!
{
	archiveVersion = 1;
	classes = {
	};
	objectVersion = 52;
	objects = {

/* Begin PBXBuildFile section */
		0207DA581B56EA530066E2B4 /* Images.xcassets in Resources */ = {isa = PBXBuildFile; fileRef = 0207DA571B56EA530066E2B4 /* Images.xcassets */; };
		1D3623260D0F684500981E51 /* AppDelegate.m in Sources */ = {isa = PBXBuildFile; fileRef = 1D3623250D0F684500981E51 /* AppDelegate.m */; };
		1D60589B0D05DD56006BFB54 /* main.m in Sources */ = {isa = PBXBuildFile; fileRef = 29B97316FDCFA39411CA2CEA /* main.m */; };
		301BF552109A68D80062928A /* libCordova.a in Frameworks */ = {isa = PBXBuildFile; fileRef = 301BF535109A57CC0062928A /* libCordova.a */; settings = {ATTRIBUTES = (Required, ); }; };
		302D95F114D2391D003F00A1 /* MainViewController.m in Sources */ = {isa = PBXBuildFile; fileRef = 302D95EF14D2391D003F00A1 /* MainViewController.m */; };
		302D95F214D2391D003F00A1 /* MainViewController.xib in Resources */ = {isa = PBXBuildFile; fileRef = 302D95F014D2391D003F00A1 /* MainViewController.xib */; };
		32A3990A14FA4F7682786622 /* YogaAgoraUserModel.h in Sources */ = {isa = PBXBuildFile; fileRef = D7F391B26754483EAC36B124 /* YogaAgoraUserModel.h */; };
		34873799B2E54077AAA43B4A /* back.png in Sources */ = {isa = PBXBuildFile; fileRef = DDB739A86C034021AC262B52 /* back.png */; };
		46706CFDCF6D45EBA6883477 /* voiceOn.png in Sources */ = {isa = PBXBuildFile; fileRef = 3F097995452B446094A7E32E /* voiceOn.png */; };
		4AD653C739C04E049614F036 /* YogaAgoraSenderView.h in Sources */ = {isa = PBXBuildFile; fileRef = D9CADB158CBD49A3A22CDC8A /* YogaAgoraSenderView.h */; };
		4C8BF10E700F4191B62769BF /* YogaAgoraReceiverCell.h in Sources */ = {isa = PBXBuildFile; fileRef = 8E7EBC49690D437490EE6E42 /* YogaAgoraReceiverCell.h */; };
		59368F8FA6B94010A784F772 /* YogaAgoraSender.h in Sources */ = {isa = PBXBuildFile; fileRef = F8F8C04E85514864A7AEB80E /* YogaAgoraSender.h */; };
		5E85A446EC8E4AAE96975BE0 /* YogaAgoraReceiverCell.m in Sources */ = {isa = PBXBuildFile; fileRef = AC6BB1354B054BC5B1615EB6 /* YogaAgoraReceiverCell.m */; };
		641D0454BCED444D854F45F5 /* YogaAgoraReceiverCollectionView.m in Sources */ = {isa = PBXBuildFile; fileRef = 96B456EBEB97424997C483F6 /* YogaAgoraReceiverCollectionView.m */; };
		6947096743174DC8B814F999 /* voiceMute.png in Sources */ = {isa = PBXBuildFile; fileRef = 348AE5EBE4144B8B97C2529C /* voiceMute.png */; };
		6AFF5BF91D6E424B00AB3073 /* CDVLaunchScreen.storyboard in Resources */ = {isa = PBXBuildFile; fileRef = 6AFF5BF81D6E424B00AB3073 /* CDVLaunchScreen.storyboard */; };
		722CDB3676754396BEE8D553 /* YogaAgoraReceiverView.h in Sources */ = {isa = PBXBuildFile; fileRef = CBA71656794F4B7C94B2E965 /* YogaAgoraReceiverView.h */; };
		7B2E9511E1AC4D716369A2AD /* Pods_Agora.framework in Frameworks */ = {isa = PBXBuildFile; fileRef = 088A84F3A444B38FCE70889D /* Pods_Agora.framework */; };
		8A7E50E954CF46659A81B0DD /* YogaAgoraReceiverCollectionView.h in Sources */ = {isa = PBXBuildFile; fileRef = 0CA8FF0121684E6C9D4A01C6 /* YogaAgoraReceiverCollectionView.h */; };
		93EFD72116A24064B54ED662 /* videoOn.png in Sources */ = {isa = PBXBuildFile; fileRef = D5D51C7C5B784197AF9542E6 /* videoOn.png */; };
		A16A28312F4C49C585771790 /* videoMute.png in Sources */ = {isa = PBXBuildFile; fileRef = 73EC6E3E765740239991D0C1 /* videoMute.png */; };
		A7ED2A7EA8534713B2533400 /* YogaAgoraShared.h in Sources */ = {isa = PBXBuildFile; fileRef = 0E6DD8976D04404E870EB34C /* YogaAgoraShared.h */; };
		ADCAAC3A9F3241AAB321AF01 /* YogaAgoraSender.m in Sources */ = {isa = PBXBuildFile; fileRef = D3D58E5B5538480898A65B8A /* YogaAgoraSender.m */; };
		BFB47B2FFFEF471DB8AD75BC /* YogaAgoraReceiver.h in Sources */ = {isa = PBXBuildFile; fileRef = 1BA62BF57AFE4CD7AF19D070 /* YogaAgoraReceiver.h */; };
		CBE518C7B58A49C9BDF6E29F /* YogaAgoraShared.m in Sources */ = {isa = PBXBuildFile; fileRef = EB0BD845BCC3489F843D994D /* YogaAgoraShared.m */; };
		E244A2A0409C4B668C9DFD77 /* YogaAgoraReceiver.m in Sources */ = {isa = PBXBuildFile; fileRef = BAD9940623E247CDAAA99CA0 /* YogaAgoraReceiver.m */; };
		E979489CD45548A9A56B6103 /* YogaAgoraSenderView.m in Sources */ = {isa = PBXBuildFile; fileRef = 7B8458EE62EB45338BAC38B2 /* YogaAgoraSenderView.m */; };
		EDCDCA84C1504ACFB5A1D71C /* YogaAgoraReceiverView.m in Sources */ = {isa = PBXBuildFile; fileRef = F17A9D60C04148469B51B0E4 /* YogaAgoraReceiverView.m */; };
		F46C57CCCC584432A3D71D7D /* YogaAgoraUserModel.m in Sources */ = {isa = PBXBuildFile; fileRef = BD8C880DBC10469482D3BCA2 /* YogaAgoraUserModel.m */; };
		086FCE99C2CB402A872A8C3C /* YogaAgora.m in Sources */ = {isa = PBXBuildFile; fileRef = A600C96B34E042CB90F9D8A4 /* YogaAgora.m */; };
		998C52386A8849A6AE9B2AA1 /* YogaAgoraViewController.h in Resources */ = {isa = PBXBuildFile; fileRef = D3A792EA943249608DD19AE3 /* YogaAgoraViewController.h */; };
		67DE448F045943289B0F1FC4 /* YogaAgoraViewController.m in Sources */ = {isa = PBXBuildFile; fileRef = 2A8D894E208348BFBB876D23 /* YogaAgoraViewController.m */; };
		004E9B3B3513406AA415B566 /* YogaAgoraUtil.h in Resources */ = {isa = PBXBuildFile; fileRef = FDA1202592974A0D9E9B14A8 /* YogaAgoraUtil.h */; };
		6DB901CFBF574BA4B48B0D4D /* YogaAgoraUtil.m in Sources */ = {isa = PBXBuildFile; fileRef = D6F6F359EF0242BB9A3B3276 /* YogaAgoraUtil.m */; };
/* End PBXBuildFile section */

/* Begin PBXContainerItemProxy section */
		301BF534109A57CC0062928A /* PBXContainerItemProxy */ = {
			isa = PBXContainerItemProxy;
			containerPortal = 301BF52D109A57CC0062928A /* CordovaLib.xcodeproj */;
			proxyType = 2;
			remoteGlobalIDString = D2AAC07E0554694100DB518D;
			remoteInfo = CordovaLib;
		};
		301BF550109A68C00062928A /* PBXContainerItemProxy */ = {
			isa = PBXContainerItemProxy;
			containerPortal = 301BF52D109A57CC0062928A /* CordovaLib.xcodeproj */;
			proxyType = 1;
			remoteGlobalIDString = D2AAC07D0554694100DB518D;
			remoteInfo = CordovaLib;
		};
		907D8123214C687600058A10 /* PBXContainerItemProxy */ = {
			isa = PBXContainerItemProxy;
			containerPortal = 301BF52D109A57CC0062928A /* CordovaLib.xcodeproj */;
			proxyType = 2;
			remoteGlobalIDString = C0C01EB21E3911D50056E6CB;
			remoteInfo = Cordova;
		};
/* End PBXContainerItemProxy section */

/* Begin PBXFileReference section */
		0207DA571B56EA530066E2B4 /* Images.xcassets */ = {isa = PBXFileReference; lastKnownFileType = folder.assetcatalog; name = Images.xcassets; path = Agora/Images.xcassets; sourceTree = SOURCE_ROOT; };
		088A84F3A444B38FCE70889D /* Pods_Agora.framework */ = {isa = PBXFileReference; explicitFileType = wrapper.framework; includeInIndex = 0; path = Pods_Agora.framework; sourceTree = BUILT_PRODUCTS_DIR; };
		097FFC7F74731BBDB687BCB6 /* Pods-Agora.release.xcconfig */ = {isa = PBXFileReference; includeInIndex = 1; lastKnownFileType = text.xcconfig; name = "Pods-Agora.release.xcconfig"; path = "Target Support Files/Pods-Agora/Pods-Agora.release.xcconfig"; sourceTree = "<group>"; };
		0CA8FF0121684E6C9D4A01C6 /* YogaAgoraReceiverCollectionView.h */ = {isa = PBXFileReference; explicitFileType = undefined; fileEncoding = 4; includeInIndex = 0; lastKnownFileType = sourcecode.c.h; name = YogaAgoraReceiverCollectionView.h; path = CDVYogaAgoraRTC/YogaAgoraReceiverCollectionView.h; sourceTree = "<group>"; };
		0E6DD8976D04404E870EB34C /* YogaAgoraShared.h */ = {isa = PBXFileReference; explicitFileType = undefined; fileEncoding = 4; includeInIndex = 0; lastKnownFileType = sourcecode.c.h; name = YogaAgoraShared.h; path = CDVYogaAgoraRTC/YogaAgoraShared.h; sourceTree = "<group>"; };
		1BA62BF57AFE4CD7AF19D070 /* YogaAgoraReceiver.h */ = {isa = PBXFileReference; explicitFileType = undefined; fileEncoding = 4; includeInIndex = 0; lastKnownFileType = sourcecode.c.h; name = YogaAgoraReceiver.h; path = CDVYogaAgoraRTC/YogaAgoraReceiver.h; sourceTree = "<group>"; };
		1D3623240D0F684500981E51 /* AppDelegate.h */ = {isa = PBXFileReference; fileEncoding = 4; lastKnownFileType = sourcecode.c.h; path = AppDelegate.h; sourceTree = "<group>"; };
		1D3623250D0F684500981E51 /* AppDelegate.m */ = {isa = PBXFileReference; fileEncoding = 4; lastKnownFileType = sourcecode.c.objc; path = AppDelegate.m; sourceTree = "<group>"; };
		1D6058910D05DD3D006BFB54 /* Agora.app */ = {isa = PBXFileReference; explicitFileType = wrapper.application; includeInIndex = 0; path = Agora.app; sourceTree = BUILT_PRODUCTS_DIR; };
		29B97316FDCFA39411CA2CEA /* main.m */ = {isa = PBXFileReference; fileEncoding = 4; lastKnownFileType = sourcecode.c.objc; path = main.m; sourceTree = "<group>"; };
		301BF52D109A57CC0062928A /* CordovaLib.xcodeproj */ = {isa = PBXFileReference; lastKnownFileType = "wrapper.pb-project"; name = CordovaLib.xcodeproj; path = CordovaLib/CordovaLib.xcodeproj; sourceTree = "<group>"; };
		301BF56E109A69640062928A /* www */ = {isa = PBXFileReference; lastKnownFileType = folder; path = www; sourceTree = SOURCE_ROOT; };
		302D95EE14D2391D003F00A1 /* MainViewController.h */ = {isa = PBXFileReference; fileEncoding = 4; lastKnownFileType = sourcecode.c.h; path = MainViewController.h; sourceTree = "<group>"; };
		302D95EF14D2391D003F00A1 /* MainViewController.m */ = {isa = PBXFileReference; fileEncoding = 4; lastKnownFileType = sourcecode.c.objc; path = MainViewController.m; sourceTree = "<group>"; };
		302D95F014D2391D003F00A1 /* MainViewController.xib */ = {isa = PBXFileReference; fileEncoding = 4; lastKnownFileType = file.xib; path = MainViewController.xib; sourceTree = "<group>"; };
		3047A50F1AB8059700498E2A /* build-debug.xcconfig */ = {isa = PBXFileReference; fileEncoding = 4; lastKnownFileType = text.xcconfig; name = "build-debug.xcconfig"; path = "cordova/build-debug.xcconfig"; sourceTree = SOURCE_ROOT; };
		3047A5101AB8059700498E2A /* build-release.xcconfig */ = {isa = PBXFileReference; fileEncoding = 4; lastKnownFileType = text.xcconfig; name = "build-release.xcconfig"; path = "cordova/build-release.xcconfig"; sourceTree = SOURCE_ROOT; };
		3047A5111AB8059700498E2A /* build.xcconfig */ = {isa = PBXFileReference; fileEncoding = 4; lastKnownFileType = text.xcconfig; name = build.xcconfig; path = cordova/build.xcconfig; sourceTree = SOURCE_ROOT; };
		32CA4F630368D1EE00C91783 /* Agora-Prefix.pch */ = {isa = PBXFileReference; fileEncoding = 4; lastKnownFileType = sourcecode.c.h; path = "Agora-Prefix.pch"; sourceTree = "<group>"; };
		348AE5EBE4144B8B97C2529C /* voiceMute.png */ = {isa = PBXFileReference; explicitFileType = undefined; fileEncoding = undefined; includeInIndex = 0; lastKnownFileType = unknown; name = voiceMute.png; path = CDVYogaAgoraRTC/voiceMute.png; sourceTree = "<group>"; };
		3F097995452B446094A7E32E /* voiceOn.png */ = {isa = PBXFileReference; explicitFileType = undefined; fileEncoding = undefined; includeInIndex = 0; lastKnownFileType = unknown; name = voiceOn.png; path = CDVYogaAgoraRTC/voiceOn.png; sourceTree = "<group>"; };
		4C8159BDE577C236D4E721F0 /* Pods-Agora.debug.xcconfig */ = {isa = PBXFileReference; includeInIndex = 1; lastKnownFileType = text.xcconfig; name = "Pods-Agora.debug.xcconfig"; path = "Target Support Files/Pods-Agora/Pods-Agora.debug.xcconfig"; sourceTree = "<group>"; };
		6AFF5BF81D6E424B00AB3073 /* CDVLaunchScreen.storyboard */ = {isa = PBXFileReference; fileEncoding = 4; lastKnownFileType = file.storyboard; name = CDVLaunchScreen.storyboard; path = Agora/CDVLaunchScreen.storyboard; sourceTree = SOURCE_ROOT; };
		73EC6E3E765740239991D0C1 /* videoMute.png */ = {isa = PBXFileReference; explicitFileType = undefined; fileEncoding = undefined; includeInIndex = 0; lastKnownFileType = unknown; name = videoMute.png; path = CDVYogaAgoraRTC/videoMute.png; sourceTree = "<group>"; };
		7B8458EE62EB45338BAC38B2 /* YogaAgoraSenderView.m */ = {isa = PBXFileReference; explicitFileType = undefined; fileEncoding = 4; includeInIndex = 0; lastKnownFileType = sourcecode.c.objc; name = YogaAgoraSenderView.m; path = CDVYogaAgoraRTC/YogaAgoraSenderView.m; sourceTree = "<group>"; };
		8D1107310486CEB800E47090 /* Agora-Info.plist */ = {isa = PBXFileReference; fileEncoding = 4; lastKnownFileType = text.plist.xml; name = "Agora-Info.plist"; path = "Agora/Agora-Info.plist"; plistStructureDefinitionIdentifier = "com.apple.xcode.plist.structure-definition.iphone.info-plist"; sourceTree = SOURCE_ROOT; };
		8E7EBC49690D437490EE6E42 /* YogaAgoraReceiverCell.h */ = {isa = PBXFileReference; explicitFileType = undefined; fileEncoding = 4; includeInIndex = 0; lastKnownFileType = sourcecode.c.h; name = YogaAgoraReceiverCell.h; path = CDVYogaAgoraRTC/YogaAgoraReceiverCell.h; sourceTree = "<group>"; };
		96B456EBEB97424997C483F6 /* YogaAgoraReceiverCollectionView.m */ = {isa = PBXFileReference; explicitFileType = undefined; fileEncoding = 4; includeInIndex = 0; lastKnownFileType = sourcecode.c.objc; name = YogaAgoraReceiverCollectionView.m; path = CDVYogaAgoraRTC/YogaAgoraReceiverCollectionView.m; sourceTree = "<group>"; };
		AC6BB1354B054BC5B1615EB6 /* YogaAgoraReceiverCell.m */ = {isa = PBXFileReference; explicitFileType = undefined; fileEncoding = 4; includeInIndex = 0; lastKnownFileType = sourcecode.c.objc; name = YogaAgoraReceiverCell.m; path = CDVYogaAgoraRTC/YogaAgoraReceiverCell.m; sourceTree = "<group>"; };
		BAD9940623E247CDAAA99CA0 /* YogaAgoraReceiver.m */ = {isa = PBXFileReference; explicitFileType = undefined; fileEncoding = 4; includeInIndex = 0; lastKnownFileType = sourcecode.c.objc; name = YogaAgoraReceiver.m; path = CDVYogaAgoraRTC/YogaAgoraReceiver.m; sourceTree = "<group>"; };
		BD8C880DBC10469482D3BCA2 /* YogaAgoraUserModel.m */ = {isa = PBXFileReference; explicitFileType = undefined; fileEncoding = 4; includeInIndex = 0; lastKnownFileType = sourcecode.c.objc; name = YogaAgoraUserModel.m; path = CDVYogaAgoraRTC/YogaAgoraUserModel.m; sourceTree = "<group>"; };
		CBA71656794F4B7C94B2E965 /* YogaAgoraReceiverView.h */ = {isa = PBXFileReference; explicitFileType = undefined; fileEncoding = 4; includeInIndex = 0; lastKnownFileType = sourcecode.c.h; name = YogaAgoraReceiverView.h; path = CDVYogaAgoraRTC/YogaAgoraReceiverView.h; sourceTree = "<group>"; };
		D3D58E5B5538480898A65B8A /* YogaAgoraSender.m */ = {isa = PBXFileReference; explicitFileType = undefined; fileEncoding = 4; includeInIndex = 0; lastKnownFileType = sourcecode.c.objc; name = YogaAgoraSender.m; path = CDVYogaAgoraRTC/YogaAgoraSender.m; sourceTree = "<group>"; };
		D5D51C7C5B784197AF9542E6 /* videoOn.png */ = {isa = PBXFileReference; explicitFileType = undefined; fileEncoding = undefined; includeInIndex = 0; lastKnownFileType = unknown; name = videoOn.png; path = CDVYogaAgoraRTC/videoOn.png; sourceTree = "<group>"; };
		D7F391B26754483EAC36B124 /* YogaAgoraUserModel.h */ = {isa = PBXFileReference; explicitFileType = undefined; fileEncoding = 4; includeInIndex = 0; lastKnownFileType = sourcecode.c.h; name = YogaAgoraUserModel.h; path = CDVYogaAgoraRTC/YogaAgoraUserModel.h; sourceTree = "<group>"; };
		D9CADB158CBD49A3A22CDC8A /* YogaAgoraSenderView.h */ = {isa = PBXFileReference; explicitFileType = undefined; fileEncoding = 4; includeInIndex = 0; lastKnownFileType = sourcecode.c.h; name = YogaAgoraSenderView.h; path = CDVYogaAgoraRTC/YogaAgoraSenderView.h; sourceTree = "<group>"; };
		DDB739A86C034021AC262B52 /* back.png */ = {isa = PBXFileReference; explicitFileType = undefined; fileEncoding = undefined; includeInIndex = 0; lastKnownFileType = unknown; name = back.png; path = CDVYogaAgoraRTC/back.png; sourceTree = "<group>"; };
		EB0BD845BCC3489F843D994D /* YogaAgoraShared.m */ = {isa = PBXFileReference; explicitFileType = undefined; fileEncoding = 4; includeInIndex = 0; lastKnownFileType = sourcecode.c.objc; name = YogaAgoraShared.m; path = CDVYogaAgoraRTC/YogaAgoraShared.m; sourceTree = "<group>"; };
		EB87FDF31871DA8E0020F90C /* www */ = {isa = PBXFileReference; lastKnownFileType = folder; name = www; path = ../../www; sourceTree = "<group>"; };
		EB87FDF41871DAF40020F90C /* config.xml */ = {isa = PBXFileReference; lastKnownFileType = text.xml; name = config.xml; path = ../../config.xml; sourceTree = "<group>"; };
		ED33DF2A687741AEAF9F8254 /* Bridging-Header.h */ = {isa = PBXFileReference; fileEncoding = 4; lastKnownFileType = sourcecode.c.h; path = "Bridging-Header.h"; sourceTree = "<group>"; };
		F17A9D60C04148469B51B0E4 /* YogaAgoraReceiverView.m */ = {isa = PBXFileReference; explicitFileType = undefined; fileEncoding = 4; includeInIndex = 0; lastKnownFileType = sourcecode.c.objc; name = YogaAgoraReceiverView.m; path = CDVYogaAgoraRTC/YogaAgoraReceiverView.m; sourceTree = "<group>"; };
		F840E1F0165FE0F500CFE078 /* config.xml */ = {isa = PBXFileReference; lastKnownFileType = text.xml; name = config.xml; path = Agora/config.xml; sourceTree = "<group>"; };
		F8F8C04E85514864A7AEB80E /* YogaAgoraSender.h */ = {isa = PBXFileReference; explicitFileType = undefined; fileEncoding = 4; includeInIndex = 0; lastKnownFileType = sourcecode.c.h; name = YogaAgoraSender.h; path = CDVYogaAgoraRTC/YogaAgoraSender.h; sourceTree = "<group>"; };
		A600C96B34E042CB90F9D8A4 /* YogaAgora.m */ = {isa = PBXFileReference; name = "YogaAgora.m"; path = "CDVYogaAgoraRTC/YogaAgora.m"; sourceTree = "<group>"; fileEncoding = 4; lastKnownFileType = sourcecode.c.objc; explicitFileType = undefined; includeInIndex = 0; };
		D3A792EA943249608DD19AE3 /* YogaAgoraViewController.h */ = {isa = PBXFileReference; name = "YogaAgoraViewController.h"; path = "CDVYogaAgoraRTC/YogaAgoraViewController.h"; sourceTree = "<group>"; fileEncoding = 4; lastKnownFileType = sourcecode.c.h; explicitFileType = undefined; includeInIndex = 0; };
		2A8D894E208348BFBB876D23 /* YogaAgoraViewController.m */ = {isa = PBXFileReference; name = "YogaAgoraViewController.m"; path = "CDVYogaAgoraRTC/YogaAgoraViewController.m"; sourceTree = "<group>"; fileEncoding = 4; lastKnownFileType = sourcecode.c.objc; explicitFileType = undefined; includeInIndex = 0; };
		FDA1202592974A0D9E9B14A8 /* YogaAgoraUtil.h */ = {isa = PBXFileReference; name = "YogaAgoraUtil.h"; path = "CDVYogaAgoraRTC/YogaAgoraUtil.h"; sourceTree = "<group>"; fileEncoding = 4; lastKnownFileType = sourcecode.c.h; explicitFileType = undefined; includeInIndex = 0; };
		D6F6F359EF0242BB9A3B3276 /* YogaAgoraUtil.m */ = {isa = PBXFileReference; name = "YogaAgoraUtil.m"; path = "CDVYogaAgoraRTC/YogaAgoraUtil.m"; sourceTree = "<group>"; fileEncoding = 4; lastKnownFileType = sourcecode.c.objc; explicitFileType = undefined; includeInIndex = 0; };
/* End PBXFileReference section */

/* Begin PBXFrameworksBuildPhase section */
		1D60588F0D05DD3D006BFB54 /* Frameworks */ = {
			isa = PBXFrameworksBuildPhase;
			buildActionMask = 2147483647;
			files = (
				301BF552109A68D80062928A /* libCordova.a in Frameworks */,
				7B2E9511E1AC4D716369A2AD /* Pods_Agora.framework in Frameworks */,
			);
			runOnlyForDeploymentPostprocessing = 0;
		};
/* End PBXFrameworksBuildPhase section */

/* Begin PBXGroup section */
		080E96DDFE201D6D7F000001 /* Classes */ = {
			isa = PBXGroup;
			children = (
				302D95EE14D2391D003F00A1 /* MainViewController.h */,
				302D95EF14D2391D003F00A1 /* MainViewController.m */,
				302D95F014D2391D003F00A1 /* MainViewController.xib */,
				1D3623240D0F684500981E51 /* AppDelegate.h */,
				1D3623250D0F684500981E51 /* AppDelegate.m */,
			);
			name = Classes;
			path = Agora/Classes;
			sourceTree = SOURCE_ROOT;
		};
		19C28FACFE9D520D11CA2CBB /* Products */ = {
			isa = PBXGroup;
			children = (
				1D6058910D05DD3D006BFB54 /* Agora.app */,
			);
			name = Products;
			sourceTree = "<group>";
		};
		29B97314FDCFA39411CA2CEA = {
			isa = PBXGroup;
			children = (
				EB87FDF41871DAF40020F90C /* config.xml */,
				EB87FDF31871DA8E0020F90C /* www */,
				EB87FDF11871DA420020F90C /* Staging */,
				301BF52D109A57CC0062928A /* CordovaLib.xcodeproj */,
				080E96DDFE201D6D7F000001 /* Classes */,
				307C750510C5A3420062BCA9 /* Plugins */,
				29B97315FDCFA39411CA2CEA /* Other Sources */,
				29B97317FDCFA39411CA2CEA /* Resources */,
				29B97323FDCFA39411CA2CEA /* Frameworks */,
				19C28FACFE9D520D11CA2CBB /* Products */,
				36F0ACDEF5A5610761093297 /* Pods */,
			);
			name = CustomTemplate;
			sourceTree = "<group>";
		};
		29B97315FDCFA39411CA2CEA /* Other Sources */ = {
			isa = PBXGroup;
			children = (
				32CA4F630368D1EE00C91783 /* Agora-Prefix.pch */,
				29B97316FDCFA39411CA2CEA /* main.m */,
				ED33DF2A687741AEAF9F8254 /* Bridging-Header.h */,
			);
			name = "Other Sources";
			path = Agora;
			sourceTree = "<group>";
		};
		29B97317FDCFA39411CA2CEA /* Resources */ = {
			isa = PBXGroup;
			children = (
				0207DA571B56EA530066E2B4 /* Images.xcassets */,
				3047A50E1AB8057F00498E2A /* config */,
				8D1107310486CEB800E47090 /* Agora-Info.plist */,
				6AFF5BF81D6E424B00AB3073 /* CDVLaunchScreen.storyboard */,
			);
			name = Resources;
			path = Agora/Resources;
			sourceTree = "<group>";
		};
		29B97323FDCFA39411CA2CEA /* Frameworks */ = {
			isa = PBXGroup;
			children = (
				088A84F3A444B38FCE70889D /* Pods_Agora.framework */,
			);
			name = Frameworks;
			sourceTree = "<group>";
		};
		301BF52E109A57CC0062928A /* Products */ = {
			isa = PBXGroup;
			children = (
				301BF535109A57CC0062928A /* libCordova.a */,
				907D8124214C687600058A10 /* Cordova.framework */,
			);
			name = Products;
			sourceTree = "<group>";
		};
		3047A50E1AB8057F00498E2A /* config */ = {
			isa = PBXGroup;
			children = (
				3047A50F1AB8059700498E2A /* build-debug.xcconfig */,
				3047A5101AB8059700498E2A /* build-release.xcconfig */,
				3047A5111AB8059700498E2A /* build.xcconfig */,
			);
			name = config;
			sourceTree = "<group>";
		};
		307C750510C5A3420062BCA9 /* Plugins */ = {
			isa = PBXGroup;
			children = (
				0E6DD8976D04404E870EB34C /* YogaAgoraShared.h */,
				EB0BD845BCC3489F843D994D /* YogaAgoraShared.m */,
				CBA71656794F4B7C94B2E965 /* YogaAgoraReceiverView.h */,
				F17A9D60C04148469B51B0E4 /* YogaAgoraReceiverView.m */,
				0CA8FF0121684E6C9D4A01C6 /* YogaAgoraReceiverCollectionView.h */,
				96B456EBEB97424997C483F6 /* YogaAgoraReceiverCollectionView.m */,
				8E7EBC49690D437490EE6E42 /* YogaAgoraReceiverCell.h */,
				AC6BB1354B054BC5B1615EB6 /* YogaAgoraReceiverCell.m */,
				D9CADB158CBD49A3A22CDC8A /* YogaAgoraSenderView.h */,
				7B8458EE62EB45338BAC38B2 /* YogaAgoraSenderView.m */,
				1BA62BF57AFE4CD7AF19D070 /* YogaAgoraReceiver.h */,
				BAD9940623E247CDAAA99CA0 /* YogaAgoraReceiver.m */,
				F8F8C04E85514864A7AEB80E /* YogaAgoraSender.h */,
				D3D58E5B5538480898A65B8A /* YogaAgoraSender.m */,
				D7F391B26754483EAC36B124 /* YogaAgoraUserModel.h */,
				BD8C880DBC10469482D3BCA2 /* YogaAgoraUserModel.m */,
				73EC6E3E765740239991D0C1 /* videoMute.png */,
				D5D51C7C5B784197AF9542E6 /* videoOn.png */,
				348AE5EBE4144B8B97C2529C /* voiceMute.png */,
				3F097995452B446094A7E32E /* voiceOn.png */,
				DDB739A86C034021AC262B52 /* back.png */,
				A600C96B34E042CB90F9D8A4 /* YogaAgora.m */,
				D3A792EA943249608DD19AE3 /* YogaAgoraViewController.h */,
				2A8D894E208348BFBB876D23 /* YogaAgoraViewController.m */,
				FDA1202592974A0D9E9B14A8 /* YogaAgoraUtil.h */,
				D6F6F359EF0242BB9A3B3276 /* YogaAgoraUtil.m */,
			);
			name = Plugins;
			path = Agora/Plugins;
			sourceTree = SOURCE_ROOT;
		};
		36F0ACDEF5A5610761093297 /* Pods */ = {
			isa = PBXGroup;
			children = (
				4C8159BDE577C236D4E721F0 /* Pods-Agora.debug.xcconfig */,
				097FFC7F74731BBDB687BCB6 /* Pods-Agora.release.xcconfig */,
			);
			path = Pods;
			sourceTree = "<group>";
		};
		EB87FDF11871DA420020F90C /* Staging */ = {
			isa = PBXGroup;
			children = (
				F840E1F0165FE0F500CFE078 /* config.xml */,
				301BF56E109A69640062928A /* www */,
			);
			name = Staging;
			sourceTree = "<group>";
		};
/* End PBXGroup section */

/* Begin PBXNativeTarget section */
		1D6058900D05DD3D006BFB54 /* Agora */ = {
			isa = PBXNativeTarget;
			buildConfigurationList = 1D6058960D05DD3E006BFB54 /* Build configuration list for PBXNativeTarget "Agora" */;
			buildPhases = (
				CA5BB7CDE88B833626A0A4A3 /* [CP] Check Pods Manifest.lock */,
				304B58A110DAC018002A0835 /* Copy www directory */,
				1D60588D0D05DD3D006BFB54 /* Resources */,
				1D60588E0D05DD3D006BFB54 /* Sources */,
				1D60588F0D05DD3D006BFB54 /* Frameworks */,
				07D47FB5AFF24C39E52E2A55 /* [CP] Embed Pods Frameworks */,
			);
			buildRules = (
			);
			dependencies = (
				301BF551109A68C00062928A /* PBXTargetDependency */,
			);
			name = Agora;
			productName = Agora;
			productReference = 1D6058910D05DD3D006BFB54 /* Agora.app */;
			productType = "com.apple.product-type.application";
		};
/* End PBXNativeTarget section */

/* Begin PBXProject section */
		29B97313FDCFA39411CA2CEA /* Project object */ = {
			isa = PBXProject;
			attributes = {
				LastUpgradeCheck = 1130;
			};
			buildConfigurationList = C01FCF4E08A954540054247B /* Build configuration list for PBXProject "Agora" */;
			compatibilityVersion = "Xcode 11.0";
			developmentRegion = en;
			hasScannedForEncodings = 1;
			knownRegions = (
				en,
				Base,
			);
			mainGroup = 29B97314FDCFA39411CA2CEA;
			productRefGroup = 19C28FACFE9D520D11CA2CBB /* Products */;
			projectDirPath = "";
			projectReferences = (
				{
					ProductGroup = 301BF52E109A57CC0062928A /* Products */;
					ProjectRef = 301BF52D109A57CC0062928A /* CordovaLib.xcodeproj */;
				},
			);
			projectRoot = "";
			targets = (
				1D6058900D05DD3D006BFB54 /* Agora */,
			);
		};
/* End PBXProject section */

/* Begin PBXReferenceProxy section */
		301BF535109A57CC0062928A /* libCordova.a */ = {
			isa = PBXReferenceProxy;
			fileType = archive.ar;
			path = libCordova.a;
			remoteRef = 301BF534109A57CC0062928A /* PBXContainerItemProxy */;
			sourceTree = BUILT_PRODUCTS_DIR;
		};
		907D8124214C687600058A10 /* Cordova.framework */ = {
			isa = PBXReferenceProxy;
			fileType = wrapper.framework;
			path = Cordova.framework;
			remoteRef = 907D8123214C687600058A10 /* PBXContainerItemProxy */;
			sourceTree = BUILT_PRODUCTS_DIR;
		};
/* End PBXReferenceProxy section */

/* Begin PBXResourcesBuildPhase section */
		1D60588D0D05DD3D006BFB54 /* Resources */ = {
			isa = PBXResourcesBuildPhase;
			buildActionMask = 2147483647;
			files = (
				302D95F214D2391D003F00A1 /* MainViewController.xib in Resources */,
				0207DA581B56EA530066E2B4 /* Images.xcassets in Resources */,
				6AFF5BF91D6E424B00AB3073 /* CDVLaunchScreen.storyboard in Resources */,
			);
			runOnlyForDeploymentPostprocessing = 0;
		};
/* End PBXResourcesBuildPhase section */

/* Begin PBXShellScriptBuildPhase section */
		07D47FB5AFF24C39E52E2A55 /* [CP] Embed Pods Frameworks */ = {
			isa = PBXShellScriptBuildPhase;
			buildActionMask = 2147483647;
			files = (
			);
			inputFileListPaths = (
				"${PODS_ROOT}/Target Support Files/Pods-Agora/Pods-Agora-frameworks-${CONFIGURATION}-input-files.xcfilelist",
			);
			name = "[CP] Embed Pods Frameworks";
			outputFileListPaths = (
				"${PODS_ROOT}/Target Support Files/Pods-Agora/Pods-Agora-frameworks-${CONFIGURATION}-output-files.xcfilelist",
			);
			runOnlyForDeploymentPostprocessing = 0;
			shellPath = /bin/sh;
			shellScript = "\"${PODS_ROOT}/Target Support Files/Pods-Agora/Pods-Agora-frameworks.sh\"\n";
			showEnvVarsInLog = 0;
		};
		304B58A110DAC018002A0835 /* Copy www directory */ = {
			isa = PBXShellScriptBuildPhase;
			buildActionMask = 2147483647;
			files = (
			);
			inputPaths = (
			);
			name = "Copy www directory";
			outputPaths = (
			);
			runOnlyForDeploymentPostprocessing = 0;
			shellPath = /bin/sh;
			shellScript = "\"$SRCROOT/Agora/Scripts/copy-www-build-step.sh\"";
			showEnvVarsInLog = 0;
		};
		CA5BB7CDE88B833626A0A4A3 /* [CP] Check Pods Manifest.lock */ = {
			isa = PBXShellScriptBuildPhase;
			buildActionMask = 2147483647;
			files = (
			);
			inputFileListPaths = (
			);
			inputPaths = (
				"${PODS_PODFILE_DIR_PATH}/Podfile.lock",
				"${PODS_ROOT}/Manifest.lock",
			);
			name = "[CP] Check Pods Manifest.lock";
			outputFileListPaths = (
			);
			outputPaths = (
				"$(DERIVED_FILE_DIR)/Pods-Agora-checkManifestLockResult.txt",
			);
			runOnlyForDeploymentPostprocessing = 0;
			shellPath = /bin/sh;
			shellScript = "diff \"${PODS_PODFILE_DIR_PATH}/Podfile.lock\" \"${PODS_ROOT}/Manifest.lock\" > /dev/null\nif [ $? != 0 ] ; then\n    # print error to STDERR\n    echo \"error: The sandbox is not in sync with the Podfile.lock. Run 'pod install' or update your CocoaPods installation.\" >&2\n    exit 1\nfi\n# This output is used by Xcode 'outputs' to avoid re-running this script phase.\necho \"SUCCESS\" > \"${SCRIPT_OUTPUT_FILE_0}\"\n";
			showEnvVarsInLog = 0;
		};
/* End PBXShellScriptBuildPhase section */

/* Begin PBXSourcesBuildPhase section */
		1D60588E0D05DD3D006BFB54 /* Sources */ = {
			isa = PBXSourcesBuildPhase;
			buildActionMask = 2147483647;
			files = (
				1D60589B0D05DD56006BFB54 /* main.m in Sources */,
				1D3623260D0F684500981E51 /* AppDelegate.m in Sources */,
				302D95F114D2391D003F00A1 /* MainViewController.m in Sources */,
				A7ED2A7EA8534713B2533400 /* YogaAgoraShared.h in Sources */,
				CBE518C7B58A49C9BDF6E29F /* YogaAgoraShared.m in Sources */,
				722CDB3676754396BEE8D553 /* YogaAgoraReceiverView.h in Sources */,
				EDCDCA84C1504ACFB5A1D71C /* YogaAgoraReceiverView.m in Sources */,
				8A7E50E954CF46659A81B0DD /* YogaAgoraReceiverCollectionView.h in Sources */,
				641D0454BCED444D854F45F5 /* YogaAgoraReceiverCollectionView.m in Sources */,
				4C8BF10E700F4191B62769BF /* YogaAgoraReceiverCell.h in Sources */,
				5E85A446EC8E4AAE96975BE0 /* YogaAgoraReceiverCell.m in Sources */,
				4AD653C739C04E049614F036 /* YogaAgoraSenderView.h in Sources */,
				E979489CD45548A9A56B6103 /* YogaAgoraSenderView.m in Sources */,
				23AB1CEF404E4EB0BDB1DA4E /* YogaAgoraViewController.h in Sources */,
				BFB47B2FFFEF471DB8AD75BC /* YogaAgoraReceiver.h in Sources */,
				E244A2A0409C4B668C9DFD77 /* YogaAgoraReceiver.m in Sources */,
				59368F8FA6B94010A784F772 /* YogaAgoraSender.h in Sources */,
				ADCAAC3A9F3241AAB321AF01 /* YogaAgoraSender.m in Sources */,
				31816542BBE848FEA6278D78 /* YogaAgoraUtil.h in Sources */,
				32A3990A14FA4F7682786622 /* YogaAgoraUserModel.h in Sources */,
				F46C57CCCC584432A3D71D7D /* YogaAgoraUserModel.m in Sources */,
				A16A28312F4C49C585771790 /* videoMute.png in Sources */,
				93EFD72116A24064B54ED662 /* videoOn.png in Sources */,
				6947096743174DC8B814F999 /* voiceMute.png in Sources */,
				46706CFDCF6D45EBA6883477 /* voiceOn.png in Sources */,
				34873799B2E54077AAA43B4A /* back.png in Sources */,
				086FCE99C2CB402A872A8C3C /* YogaAgora.m in Sources */,
				998C52386A8849A6AE9B2AA1 /* YogaAgoraViewController.h in Resources */,
				67DE448F045943289B0F1FC4 /* YogaAgoraViewController.m in Sources */,
				004E9B3B3513406AA415B566 /* YogaAgoraUtil.h in Resources */,
				6DB901CFBF574BA4B48B0D4D /* YogaAgoraUtil.m in Sources */,
			);
			runOnlyForDeploymentPostprocessing = 0;
		};
/* End PBXSourcesBuildPhase section */

/* Begin PBXTargetDependency section */
		301BF551109A68C00062928A /* PBXTargetDependency */ = {
			isa = PBXTargetDependency;
			name = CordovaLib;
			targetProxy = 301BF550109A68C00062928A /* PBXContainerItemProxy */;
		};
/* End PBXTargetDependency section */

/* Begin XCBuildConfiguration section */
		1D6058940D05DD3E006BFB54 /* Debug */ = {
			isa = XCBuildConfiguration;
			baseConfigurationReference = 3047A50F1AB8059700498E2A /* build-debug.xcconfig */;
			buildSettings = {
				ALWAYS_SEARCH_USER_PATHS = NO;
				ASSETCATALOG_COMPILER_APPICON_NAME = AppIcon;
				CLANG_ENABLE_MODULES = YES;
				CLANG_ENABLE_OBJC_ARC = YES;
				CODE_SIGN_STYLE = Manual;
				COPY_PHASE_STRIP = NO;
				DEVELOPMENT_TEAM = AXN7MM93V4;
				GCC_DYNAMIC_NO_PIC = NO;
				GCC_OPTIMIZATION_LEVEL = 0;
				GCC_PRECOMPILE_PREFIX_HEADER = YES;
				GCC_PREFIX_HEADER = "Agora/Agora-Prefix.pch";
				GCC_THUMB_SUPPORT = NO;
				GCC_VERSION = "";
				INFOPLIST_FILE = "Agora/Agora-Info.plist";
				IPHONEOS_DEPLOYMENT_TARGET = 11.0;
				LD_RUNPATH_SEARCH_PATHS = "@executable_path/Frameworks";
				PRODUCT_BUNDLE_IDENTIFIER = com.blockchain.dev;
				PRODUCT_NAME = "$(TARGET_NAME)";
				PROVISIONING_PROFILE_SPECIFIER = blockchaindevcommon;
				TARGETED_DEVICE_FAMILY = "1,2";
			};
			name = Debug;
		};
		1D6058950D05DD3E006BFB54 /* Release */ = {
			isa = XCBuildConfiguration;
			baseConfigurationReference = 3047A5101AB8059700498E2A /* build-release.xcconfig */;
			buildSettings = {
				ALWAYS_SEARCH_USER_PATHS = NO;
				ASSETCATALOG_COMPILER_APPICON_NAME = AppIcon;
				CLANG_ENABLE_MODULES = YES;
				CLANG_ENABLE_OBJC_ARC = YES;
				COPY_PHASE_STRIP = YES;
				GCC_PRECOMPILE_PREFIX_HEADER = YES;
				GCC_PREFIX_HEADER = "Agora/Agora-Prefix.pch";
				GCC_THUMB_SUPPORT = NO;
				GCC_VERSION = "";
				INFOPLIST_FILE = "Agora/Agora-Info.plist";
				IPHONEOS_DEPLOYMENT_TARGET = 11.0;
				LD_RUNPATH_SEARCH_PATHS = "@executable_path/Frameworks";
				PRODUCT_BUNDLE_IDENTIFIER = com.blockchain.dev;
				PRODUCT_NAME = "$(TARGET_NAME)";
				TARGETED_DEVICE_FAMILY = "1,2";
			};
			name = Release;
		};
		C01FCF4F08A954540054247B /* Debug */ = {
			isa = XCBuildConfiguration;
			baseConfigurationReference = 3047A5111AB8059700498E2A /* build.xcconfig */;
			buildSettings = {
				CLANG_ANALYZER_LOCALIZABILITY_NONLOCALIZED = YES;
				CLANG_ENABLE_MODULES = YES;
				CLANG_ENABLE_OBJC_ARC = YES;
				CLANG_WARN_BLOCK_CAPTURE_AUTORELEASING = YES;
				CLANG_WARN_BOOL_CONVERSION = YES;
				CLANG_WARN_COMMA = YES;
				CLANG_WARN_CONSTANT_CONVERSION = YES;
				CLANG_WARN_DEPRECATED_OBJC_IMPLEMENTATIONS = YES;
				CLANG_WARN_EMPTY_BODY = YES;
				CLANG_WARN_ENUM_CONVERSION = YES;
				CLANG_WARN_INFINITE_RECURSION = YES;
				CLANG_WARN_INT_CONVERSION = YES;
				CLANG_WARN_NON_LITERAL_NULL_CONVERSION = YES;
				CLANG_WARN_OBJC_IMPLICIT_RETAIN_SELF = YES;
				CLANG_WARN_OBJC_LITERAL_CONVERSION = YES;
				CLANG_WARN_RANGE_LOOP_ANALYSIS = YES;
				CLANG_WARN_STRICT_PROTOTYPES = YES;
				CLANG_WARN_SUSPICIOUS_MOVE = YES;
				CLANG_WARN_UNREACHABLE_CODE = YES;
				CLANG_WARN__DUPLICATE_METHOD_MATCH = YES;
				ENABLE_STRICT_OBJC_MSGSEND = YES;
				ENABLE_TESTABILITY = YES;
				GCC_C_LANGUAGE_STANDARD = c99;
				GCC_NO_COMMON_BLOCKS = YES;
				GCC_THUMB_SUPPORT = NO;
				GCC_VERSION = "";
				GCC_WARN_64_TO_32_BIT_CONVERSION = YES;
				GCC_WARN_ABOUT_RETURN_TYPE = YES;
				GCC_WARN_UNDECLARED_SELECTOR = YES;
				GCC_WARN_UNINITIALIZED_AUTOS = YES;
				GCC_WARN_UNUSED_FUNCTION = YES;
				GCC_WARN_UNUSED_VARIABLE = YES;
				IPHONEOS_DEPLOYMENT_TARGET = 11.0;
				ONLY_ACTIVE_ARCH = YES;
				SDKROOT = iphoneos;
				SKIP_INSTALL = NO;
				WK_WEB_VIEW_ONLY = 1;
			};
			name = Debug;
		};
		C01FCF5008A954540054247B /* Release */ = {
			isa = XCBuildConfiguration;
			baseConfigurationReference = 3047A5111AB8059700498E2A /* build.xcconfig */;
			buildSettings = {
				CLANG_ANALYZER_LOCALIZABILITY_NONLOCALIZED = YES;
				CLANG_ENABLE_MODULES = YES;
				CLANG_ENABLE_OBJC_ARC = YES;
				CLANG_WARN_BLOCK_CAPTURE_AUTORELEASING = YES;
				CLANG_WARN_BOOL_CONVERSION = YES;
				CLANG_WARN_COMMA = YES;
				CLANG_WARN_CONSTANT_CONVERSION = YES;
				CLANG_WARN_DEPRECATED_OBJC_IMPLEMENTATIONS = YES;
				CLANG_WARN_EMPTY_BODY = YES;
				CLANG_WARN_ENUM_CONVERSION = YES;
				CLANG_WARN_INFINITE_RECURSION = YES;
				CLANG_WARN_INT_CONVERSION = YES;
				CLANG_WARN_NON_LITERAL_NULL_CONVERSION = YES;
				CLANG_WARN_OBJC_IMPLICIT_RETAIN_SELF = YES;
				CLANG_WARN_OBJC_LITERAL_CONVERSION = YES;
				CLANG_WARN_RANGE_LOOP_ANALYSIS = YES;
				CLANG_WARN_STRICT_PROTOTYPES = YES;
				CLANG_WARN_SUSPICIOUS_MOVE = YES;
				CLANG_WARN_UNREACHABLE_CODE = YES;
				CLANG_WARN__DUPLICATE_METHOD_MATCH = YES;
				ENABLE_STRICT_OBJC_MSGSEND = YES;
				GCC_C_LANGUAGE_STANDARD = c99;
				GCC_NO_COMMON_BLOCKS = YES;
				GCC_THUMB_SUPPORT = NO;
				GCC_VERSION = "";
				GCC_WARN_64_TO_32_BIT_CONVERSION = YES;
				GCC_WARN_ABOUT_RETURN_TYPE = YES;
				GCC_WARN_UNDECLARED_SELECTOR = YES;
				GCC_WARN_UNINITIALIZED_AUTOS = YES;
				GCC_WARN_UNUSED_FUNCTION = YES;
				GCC_WARN_UNUSED_VARIABLE = YES;
				IPHONEOS_DEPLOYMENT_TARGET = 11.0;
				SDKROOT = iphoneos;
				SKIP_INSTALL = NO;
				WK_WEB_VIEW_ONLY = 1;
			};
			name = Release;
		};
/* End XCBuildConfiguration section */

/* Begin XCConfigurationList section */
		1D6058960D05DD3E006BFB54 /* Build configuration list for PBXNativeTarget "Agora" */ = {
			isa = XCConfigurationList;
			buildConfigurations = (
				1D6058940D05DD3E006BFB54 /* Debug */,
				1D6058950D05DD3E006BFB54 /* Release */,
			);
			defaultConfigurationIsVisible = 0;
			defaultConfigurationName = Release;
		};
		C01FCF4E08A954540054247B /* Build configuration list for PBXProject "Agora" */ = {
			isa = XCConfigurationList;
			buildConfigurations = (
				C01FCF4F08A954540054247B /* Debug */,
				C01FCF5008A954540054247B /* Release */,
			);
			defaultConfigurationIsVisible = 0;
			defaultConfigurationName = Release;
		};
/* End XCConfigurationList section */
	};
	rootObject = 29B97313FDCFA39411CA2CEA /* Project object */;
}
