// !$*UTF8*$!
{
	archiveVersion = 1;
	classes = {
	};
	objectVersion = 52;
	objects = {

/* Begin PBXBuildFile section */
		0207DA581B56EA530066E2B4 /* Images.xcassets in Resources */ = {isa = PBXBuildFile; fileRef = 0207DA571B56EA530066E2B4 /* Images.xcassets */; };
		04D2BCBE10D042FFA4C75EA2 /* videoMute.png in Sources */ = {isa = PBXBuildFile; fileRef = 391350C8E86647A8AB7ED167 /* videoMute.png */; };
		0980152B5A6C492281CB85E3 /* YogaAgoraUserModel.h in Sources */ = {isa = PBXBuildFile; fileRef = 784E3A464D784091B8E4456B /* YogaAgoraUserModel.h */; };
		16F66EC69F674E38BCD1A722 /* YogaAgoraUtil.m in Sources */ = {isa = PBXBuildFile; fileRef = 9617A61B5D5D46EBA1DFFC79 /* YogaAgoraUtil.m */; };
		1D3623260D0F684500981E51 /* AppDelegate.m in Sources */ = {isa = PBXBuildFile; fileRef = 1D3623250D0F684500981E51 /* AppDelegate.m */; };
		1D60589B0D05DD56006BFB54 /* main.m in Sources */ = {isa = PBXBuildFile; fileRef = 29B97316FDCFA39411CA2CEA /* main.m */; };
		29DDA88D15CB4792AA0B4D13 /* YogaAgoraReceiver.h in Sources */ = {isa = PBXBuildFile; fileRef = 00C625377AD64B038F89299B /* YogaAgoraReceiver.h */; };
		301BF552109A68D80062928A /* libCordova.a in Frameworks */ = {isa = PBXBuildFile; fileRef = 301BF535109A57CC0062928A /* libCordova.a */; settings = {ATTRIBUTES = (Required, ); }; };
		302D95F114D2391D003F00A1 /* MainViewController.m in Sources */ = {isa = PBXBuildFile; fileRef = 302D95EF14D2391D003F00A1 /* MainViewController.m */; };
		302D95F214D2391D003F00A1 /* MainViewController.xib in Resources */ = {isa = PBXBuildFile; fileRef = 302D95F014D2391D003F00A1 /* MainViewController.xib */; };
		44B3E4B1ABCE4BC9BF0BBC55 /* YogaAgoraSenderView.h in Sources */ = {isa = PBXBuildFile; fileRef = F66CEAF5370B430F84998CD8 /* YogaAgoraSenderView.h */; };
		45E30E2C4D564631920819D3 /* YogaAgora.m in Sources */ = {isa = PBXBuildFile; fileRef = 91826F562FFD45B6AA26A75F /* YogaAgora.m */; };
		4F6E16E1862346D4BEC00033 /* YogaAgoraReceiverCell.h in Sources */ = {isa = PBXBuildFile; fileRef = E16CBEE4835A46FB8D2AE57A /* YogaAgoraReceiverCell.h */; };
		4F8E09B3D94445CE80363BE2 /* YogaAgoraReceiverCell.m in Sources */ = {isa = PBXBuildFile; fileRef = 6E061E034C9C4AD6804A8AD3 /* YogaAgoraReceiverCell.m */; };
		51A48CC06B2847E1B353ED8D /* YogaAgoraSenderView.m in Sources */ = {isa = PBXBuildFile; fileRef = 23169D494A014C609994BE3C /* YogaAgoraSenderView.m */; };
		57909C78B571F45B1D128427 /* Pods_Agora.framework in Frameworks */ = {isa = PBXBuildFile; fileRef = E400E1D528C4F98F50FFAA36 /* Pods_Agora.framework */; };
		58DF64D797F54978939B0232 /* YogaAgoraShared.m in Sources */ = {isa = PBXBuildFile; fileRef = 1D4A76AE739A46DD9A9EE8EE /* YogaAgoraShared.m */; };
		6039520802444D4D8D6CBA7F /* YogaAgoraReceiverCollectionView.m in Sources */ = {isa = PBXBuildFile; fileRef = A97EB7281BA64E49B69213F6 /* YogaAgoraReceiverCollectionView.m */; };
		6A9BC856D1E14D12B0847DF6 /* voiceMute.png in Sources */ = {isa = PBXBuildFile; fileRef = 1156C8D4D01549FD968F04DF /* voiceMute.png */; };
		6AFF5BF91D6E424B00AB3073 /* CDVLaunchScreen.storyboard in Resources */ = {isa = PBXBuildFile; fileRef = 6AFF5BF81D6E424B00AB3073 /* CDVLaunchScreen.storyboard */; };
		72045A7759F54D50965F6BEB /* YogaAgoraReceiverView.h in Sources */ = {isa = PBXBuildFile; fileRef = DFF1292C20354D2BB9619769 /* YogaAgoraReceiverView.h */; };
		759B8E46959E4600BD9B8FBB /* videoOn.png in Sources */ = {isa = PBXBuildFile; fileRef = 97C6424E3BCB4D5BB748C86A /* videoOn.png */; };
		8A73BBED88264F89871BEA58 /* YogaAgoraSender.m in Sources */ = {isa = PBXBuildFile; fileRef = A17EF302386E4A67895CFF92 /* YogaAgoraSender.m */; };
		9BC397F9562C44DF8CF6E479 /* YogaAgoraUserModel.m in Sources */ = {isa = PBXBuildFile; fileRef = 37061DDC8C8E49C3A1E2342C /* YogaAgoraUserModel.m */; };
		A0CE985B02544405852FB9B3 /* YogaAgoraShared.h in Sources */ = {isa = PBXBuildFile; fileRef = 79439A66E08943C4AE19AFEC /* YogaAgoraShared.h */; };
		C1E5058E41FD4CC3B998FA83 /* YogaAgoraReceiverView.m in Sources */ = {isa = PBXBuildFile; fileRef = C1F6FA23ACBD4FBB8B35C659 /* YogaAgoraReceiverView.m */; };
		C59D19A858A54207B8B056ED /* voiceOn.png in Sources */ = {isa = PBXBuildFile; fileRef = ED4ABAE1EA794419BE521D76 /* voiceOn.png */; };
		E22B1265AE0449C781751946 /* YogaAgoraUtil.h in Sources */ = {isa = PBXBuildFile; fileRef = 385F32174D1B45B2A0D6917B /* YogaAgoraUtil.h */; };
		E904AD8D231546359DE3CBC5 /* YogaAgoraSender.h in Sources */ = {isa = PBXBuildFile; fileRef = DA6D4A94852B43E982377F59 /* YogaAgoraSender.h */; };
		ECAED403D9EE459E87248348 /* YogaAgoraReceiver.m in Sources */ = {isa = PBXBuildFile; fileRef = 656D2D0156EE40D8BB040484 /* YogaAgoraReceiver.m */; };
		FD31A52354714928915E8A0E /* YogaAgoraReceiverCollectionView.h in Sources */ = {isa = PBXBuildFile; fileRef = 0474FCD0A76D4356B59B0305 /* YogaAgoraReceiverCollectionView.h */; };
/* End PBXBuildFile section */

/* Begin PBXContainerItemProxy section */
		301BF534109A57CC0062928A /* PBXContainerItemProxy */ = {
			isa = PBXContainerItemProxy;
			containerPortal = 301BF52D109A57CC0062928A /* CordovaLib.xcodeproj */;
			proxyType = 2;
			remoteGlobalIDString = D2AAC07E0554694100DB518D;
			remoteInfo = CordovaLib;
		};
		301BF550109A68C00062928A /* PBXContainerItemProxy */ = {
			isa = PBXContainerItemProxy;
			containerPortal = 301BF52D109A57CC0062928A /* CordovaLib.xcodeproj */;
			proxyType = 1;
			remoteGlobalIDString = D2AAC07D0554694100DB518D;
			remoteInfo = CordovaLib;
		};
		907D8123214C687600058A10 /* PBXContainerItemProxy */ = {
			isa = PBXContainerItemProxy;
			containerPortal = 301BF52D109A57CC0062928A /* CordovaLib.xcodeproj */;
			proxyType = 2;
			remoteGlobalIDString = C0C01EB21E3911D50056E6CB;
			remoteInfo = Cordova;
		};
/* End PBXContainerItemProxy section */

/* Begin PBXFileReference section */
		00C625377AD64B038F89299B /* YogaAgoraReceiver.h */ = {isa = PBXFileReference; explicitFileType = undefined; fileEncoding = 4; includeInIndex = 0; lastKnownFileType = sourcecode.c.h; name = YogaAgoraReceiver.h; path = CDVYogaAgoraRTC/YogaAgoraReceiver.h; sourceTree = "<group>"; };
		0207DA571B56EA530066E2B4 /* Images.xcassets */ = {isa = PBXFileReference; lastKnownFileType = folder.assetcatalog; name = Images.xcassets; path = Agora/Images.xcassets; sourceTree = SOURCE_ROOT; };
		0474FCD0A76D4356B59B0305 /* YogaAgoraReceiverCollectionView.h */ = {isa = PBXFileReference; explicitFileType = undefined; fileEncoding = 4; includeInIndex = 0; lastKnownFileType = sourcecode.c.h; name = YogaAgoraReceiverCollectionView.h; path = CDVYogaAgoraRTC/YogaAgoraReceiverCollectionView.h; sourceTree = "<group>"; };
		097FFC7F74731BBDB687BCB6 /* Pods-Agora.release.xcconfig */ = {isa = PBXFileReference; includeInIndex = 1; lastKnownFileType = text.xcconfig; name = "Pods-Agora.release.xcconfig"; path = "Target Support Files/Pods-Agora/Pods-Agora.release.xcconfig"; sourceTree = "<group>"; };
		1156C8D4D01549FD968F04DF /* voiceMute.png */ = {isa = PBXFileReference; explicitFileType = undefined; fileEncoding = undefined; includeInIndex = 0; lastKnownFileType = unknown; name = voiceMute.png; path = CDVYogaAgoraRTC/voiceMute.png; sourceTree = "<group>"; };
		1D3623240D0F684500981E51 /* AppDelegate.h */ = {isa = PBXFileReference; fileEncoding = 4; lastKnownFileType = sourcecode.c.h; path = AppDelegate.h; sourceTree = "<group>"; };
		1D3623250D0F684500981E51 /* AppDelegate.m */ = {isa = PBXFileReference; fileEncoding = 4; lastKnownFileType = sourcecode.c.objc; path = AppDelegate.m; sourceTree = "<group>"; };
		1D4A76AE739A46DD9A9EE8EE /* YogaAgoraShared.m */ = {isa = PBXFileReference; explicitFileType = undefined; fileEncoding = 4; includeInIndex = 0; lastKnownFileType = sourcecode.c.objc; name = YogaAgoraShared.m; path = CDVYogaAgoraRTC/YogaAgoraShared.m; sourceTree = "<group>"; };
		1D6058910D05DD3D006BFB54 /* Agora.app */ = {isa = PBXFileReference; explicitFileType = wrapper.application; includeInIndex = 0; path = Agora.app; sourceTree = BUILT_PRODUCTS_DIR; };
		23169D494A014C609994BE3C /* YogaAgoraSenderView.m */ = {isa = PBXFileReference; explicitFileType = undefined; fileEncoding = 4; includeInIndex = 0; lastKnownFileType = sourcecode.c.objc; name = YogaAgoraSenderView.m; path = CDVYogaAgoraRTC/YogaAgoraSenderView.m; sourceTree = "<group>"; };
		29B97316FDCFA39411CA2CEA /* main.m */ = {isa = PBXFileReference; fileEncoding = 4; lastKnownFileType = sourcecode.c.objc; path = main.m; sourceTree = "<group>"; };
		301BF52D109A57CC0062928A /* CordovaLib.xcodeproj */ = {isa = PBXFileReference; lastKnownFileType = "wrapper.pb-project"; name = CordovaLib.xcodeproj; path = CordovaLib/CordovaLib.xcodeproj; sourceTree = "<group>"; };
		301BF56E109A69640062928A /* www */ = {isa = PBXFileReference; lastKnownFileType = folder; path = www; sourceTree = SOURCE_ROOT; };
		302D95EE14D2391D003F00A1 /* MainViewController.h */ = {isa = PBXFileReference; fileEncoding = 4; lastKnownFileType = sourcecode.c.h; path = MainViewController.h; sourceTree = "<group>"; };
		302D95EF14D2391D003F00A1 /* MainViewController.m */ = {isa = PBXFileReference; fileEncoding = 4; lastKnownFileType = sourcecode.c.objc; path = MainViewController.m; sourceTree = "<group>"; };
		302D95F014D2391D003F00A1 /* MainViewController.xib */ = {isa = PBXFileReference; fileEncoding = 4; lastKnownFileType = file.xib; path = MainViewController.xib; sourceTree = "<group>"; };
		3047A50F1AB8059700498E2A /* build-debug.xcconfig */ = {isa = PBXFileReference; fileEncoding = 4; lastKnownFileType = text.xcconfig; name = "build-debug.xcconfig"; path = "cordova/build-debug.xcconfig"; sourceTree = SOURCE_ROOT; };
		3047A5101AB8059700498E2A /* build-release.xcconfig */ = {isa = PBXFileReference; fileEncoding = 4; lastKnownFileType = text.xcconfig; name = "build-release.xcconfig"; path = "cordova/build-release.xcconfig"; sourceTree = SOURCE_ROOT; };
		3047A5111AB8059700498E2A /* build.xcconfig */ = {isa = PBXFileReference; fileEncoding = 4; lastKnownFileType = text.xcconfig; name = build.xcconfig; path = cordova/build.xcconfig; sourceTree = SOURCE_ROOT; };
		32CA4F630368D1EE00C91783 /* Agora-Prefix.pch */ = {isa = PBXFileReference; fileEncoding = 4; lastKnownFileType = sourcecode.c.h; path = "Agora-Prefix.pch"; sourceTree = "<group>"; };
		37061DDC8C8E49C3A1E2342C /* YogaAgoraUserModel.m */ = {isa = PBXFileReference; explicitFileType = undefined; fileEncoding = 4; includeInIndex = 0; lastKnownFileType = sourcecode.c.objc; name = YogaAgoraUserModel.m; path = CDVYogaAgoraRTC/YogaAgoraUserModel.m; sourceTree = "<group>"; };
		385F32174D1B45B2A0D6917B /* YogaAgoraUtil.h */ = {isa = PBXFileReference; explicitFileType = undefined; fileEncoding = 4; includeInIndex = 0; lastKnownFileType = sourcecode.c.h; name = YogaAgoraUtil.h; path = CDVYogaAgoraRTC/YogaAgoraUtil.h; sourceTree = "<group>"; };
		391350C8E86647A8AB7ED167 /* videoMute.png */ = {isa = PBXFileReference; explicitFileType = undefined; fileEncoding = undefined; includeInIndex = 0; lastKnownFileType = unknown; name = videoMute.png; path = CDVYogaAgoraRTC/videoMute.png; sourceTree = "<group>"; };
		4C8159BDE577C236D4E721F0 /* Pods-Agora.debug.xcconfig */ = {isa = PBXFileReference; includeInIndex = 1; lastKnownFileType = text.xcconfig; name = "Pods-Agora.debug.xcconfig"; path = "Target Support Files/Pods-Agora/Pods-Agora.debug.xcconfig"; sourceTree = "<group>"; };
		656D2D0156EE40D8BB040484 /* YogaAgoraReceiver.m */ = {isa = PBXFileReference; explicitFileType = undefined; fileEncoding = 4; includeInIndex = 0; lastKnownFileType = sourcecode.c.objc; name = YogaAgoraReceiver.m; path = CDVYogaAgoraRTC/YogaAgoraReceiver.m; sourceTree = "<group>"; };
		6AFF5BF81D6E424B00AB3073 /* CDVLaunchScreen.storyboard */ = {isa = PBXFileReference; fileEncoding = 4; lastKnownFileType = file.storyboard; name = CDVLaunchScreen.storyboard; path = Agora/CDVLaunchScreen.storyboard; sourceTree = SOURCE_ROOT; };
		6E061E034C9C4AD6804A8AD3 /* YogaAgoraReceiverCell.m */ = {isa = PBXFileReference; explicitFileType = undefined; fileEncoding = 4; includeInIndex = 0; lastKnownFileType = sourcecode.c.objc; name = YogaAgoraReceiverCell.m; path = CDVYogaAgoraRTC/YogaAgoraReceiverCell.m; sourceTree = "<group>"; };
		784E3A464D784091B8E4456B /* YogaAgoraUserModel.h */ = {isa = PBXFileReference; explicitFileType = undefined; fileEncoding = 4; includeInIndex = 0; lastKnownFileType = sourcecode.c.h; name = YogaAgoraUserModel.h; path = CDVYogaAgoraRTC/YogaAgoraUserModel.h; sourceTree = "<group>"; };
		79439A66E08943C4AE19AFEC /* YogaAgoraShared.h */ = {isa = PBXFileReference; explicitFileType = undefined; fileEncoding = 4; includeInIndex = 0; lastKnownFileType = sourcecode.c.h; name = YogaAgoraShared.h; path = CDVYogaAgoraRTC/YogaAgoraShared.h; sourceTree = "<group>"; };
		8D1107310486CEB800E47090 /* Agora-Info.plist */ = {isa = PBXFileReference; fileEncoding = 4; lastKnownFileType = text.plist.xml; name = "Agora-Info.plist"; path = "Agora/Agora-Info.plist"; plistStructureDefinitionIdentifier = "com.apple.xcode.plist.structure-definition.iphone.info-plist"; sourceTree = SOURCE_ROOT; };
		91826F562FFD45B6AA26A75F /* YogaAgora.m */ = {isa = PBXFileReference; explicitFileType = undefined; fileEncoding = 4; includeInIndex = 0; lastKnownFileType = sourcecode.c.objc; name = YogaAgora.m; path = CDVYogaAgoraRTC/YogaAgora.m; sourceTree = "<group>"; };
		9617A61B5D5D46EBA1DFFC79 /* YogaAgoraUtil.m */ = {isa = PBXFileReference; explicitFileType = undefined; fileEncoding = 4; includeInIndex = 0; lastKnownFileType = sourcecode.c.objc; name = YogaAgoraUtil.m; path = CDVYogaAgoraRTC/YogaAgoraUtil.m; sourceTree = "<group>"; };
		97C6424E3BCB4D5BB748C86A /* videoOn.png */ = {isa = PBXFileReference; explicitFileType = undefined; fileEncoding = undefined; includeInIndex = 0; lastKnownFileType = unknown; name = videoOn.png; path = CDVYogaAgoraRTC/videoOn.png; sourceTree = "<group>"; };
		A17EF302386E4A67895CFF92 /* YogaAgoraSender.m */ = {isa = PBXFileReference; explicitFileType = undefined; fileEncoding = 4; includeInIndex = 0; lastKnownFileType = sourcecode.c.objc; name = YogaAgoraSender.m; path = CDVYogaAgoraRTC/YogaAgoraSender.m; sourceTree = "<group>"; };
		A97EB7281BA64E49B69213F6 /* YogaAgoraReceiverCollectionView.m */ = {isa = PBXFileReference; explicitFileType = undefined; fileEncoding = 4; includeInIndex = 0; lastKnownFileType = sourcecode.c.objc; name = YogaAgoraReceiverCollectionView.m; path = CDVYogaAgoraRTC/YogaAgoraReceiverCollectionView.m; sourceTree = "<group>"; };
		C1F6FA23ACBD4FBB8B35C659 /* YogaAgoraReceiverView.m */ = {isa = PBXFileReference; explicitFileType = undefined; fileEncoding = 4; includeInIndex = 0; lastKnownFileType = sourcecode.c.objc; name = YogaAgoraReceiverView.m; path = CDVYogaAgoraRTC/YogaAgoraReceiverView.m; sourceTree = "<group>"; };
		DA6D4A94852B43E982377F59 /* YogaAgoraSender.h */ = {isa = PBXFileReference; explicitFileType = undefined; fileEncoding = 4; includeInIndex = 0; lastKnownFileType = sourcecode.c.h; name = YogaAgoraSender.h; path = CDVYogaAgoraRTC/YogaAgoraSender.h; sourceTree = "<group>"; };
		DFF1292C20354D2BB9619769 /* YogaAgoraReceiverView.h */ = {isa = PBXFileReference; explicitFileType = undefined; fileEncoding = 4; includeInIndex = 0; lastKnownFileType = sourcecode.c.h; name = YogaAgoraReceiverView.h; path = CDVYogaAgoraRTC/YogaAgoraReceiverView.h; sourceTree = "<group>"; };
		E16CBEE4835A46FB8D2AE57A /* YogaAgoraReceiverCell.h */ = {isa = PBXFileReference; explicitFileType = undefined; fileEncoding = 4; includeInIndex = 0; lastKnownFileType = sourcecode.c.h; name = YogaAgoraReceiverCell.h; path = CDVYogaAgoraRTC/YogaAgoraReceiverCell.h; sourceTree = "<group>"; };
		E400E1D528C4F98F50FFAA36 /* Pods_Agora.framework */ = {isa = PBXFileReference; explicitFileType = wrapper.framework; includeInIndex = 0; path = Pods_Agora.framework; sourceTree = BUILT_PRODUCTS_DIR; };
		EB87FDF31871DA8E0020F90C /* www */ = {isa = PBXFileReference; lastKnownFileType = folder; name = www; path = ../../www; sourceTree = "<group>"; };
		EB87FDF41871DAF40020F90C /* config.xml */ = {isa = PBXFileReference; lastKnownFileType = text.xml; name = config.xml; path = ../../config.xml; sourceTree = "<group>"; };
		ED33DF2A687741AEAF9F8254 /* Bridging-Header.h */ = {isa = PBXFileReference; fileEncoding = 4; lastKnownFileType = sourcecode.c.h; path = "Bridging-Header.h"; sourceTree = "<group>"; };
		ED4ABAE1EA794419BE521D76 /* voiceOn.png */ = {isa = PBXFileReference; explicitFileType = undefined; fileEncoding = undefined; includeInIndex = 0; lastKnownFileType = unknown; name = voiceOn.png; path = CDVYogaAgoraRTC/voiceOn.png; sourceTree = "<group>"; };
		F66CEAF5370B430F84998CD8 /* YogaAgoraSenderView.h */ = {isa = PBXFileReference; explicitFileType = undefined; fileEncoding = 4; includeInIndex = 0; lastKnownFileType = sourcecode.c.h; name = YogaAgoraSenderView.h; path = CDVYogaAgoraRTC/YogaAgoraSenderView.h; sourceTree = "<group>"; };
		F840E1F0165FE0F500CFE078 /* config.xml */ = {isa = PBXFileReference; lastKnownFileType = text.xml; name = config.xml; path = Agora/config.xml; sourceTree = "<group>"; };
/* End PBXFileReference section */

/* Begin PBXFrameworksBuildPhase section */
		1D60588F0D05DD3D006BFB54 /* Frameworks */ = {
			isa = PBXFrameworksBuildPhase;
			buildActionMask = 2147483647;
			files = (
				301BF552109A68D80062928A /* libCordova.a in Frameworks */,
				57909C78B571F45B1D128427 /* Pods_Agora.framework in Frameworks */,
			);
			runOnlyForDeploymentPostprocessing = 0;
		};
/* End PBXFrameworksBuildPhase section */

/* Begin PBXGroup section */
		080E96DDFE201D6D7F000001 /* Classes */ = {
			isa = PBXGroup;
			children = (
				302D95EE14D2391D003F00A1 /* MainViewController.h */,
				302D95EF14D2391D003F00A1 /* MainViewController.m */,
				302D95F014D2391D003F00A1 /* MainViewController.xib */,
				1D3623240D0F684500981E51 /* AppDelegate.h */,
				1D3623250D0F684500981E51 /* AppDelegate.m */,
			);
			name = Classes;
			path = Agora/Classes;
			sourceTree = SOURCE_ROOT;
		};
		19C28FACFE9D520D11CA2CBB /* Products */ = {
			isa = PBXGroup;
			children = (
				1D6058910D05DD3D006BFB54 /* Agora.app */,
			);
			name = Products;
			sourceTree = "<group>";
		};
		29B97314FDCFA39411CA2CEA = {
			isa = PBXGroup;
			children = (
				EB87FDF41871DAF40020F90C /* config.xml */,
				EB87FDF31871DA8E0020F90C /* www */,
				EB87FDF11871DA420020F90C /* Staging */,
				301BF52D109A57CC0062928A /* CordovaLib.xcodeproj */,
				080E96DDFE201D6D7F000001 /* Classes */,
				307C750510C5A3420062BCA9 /* Plugins */,
				29B97315FDCFA39411CA2CEA /* Other Sources */,
				29B97317FDCFA39411CA2CEA /* Resources */,
				29B97323FDCFA39411CA2CEA /* Frameworks */,
				19C28FACFE9D520D11CA2CBB /* Products */,
				36F0ACDEF5A5610761093297 /* Pods */,
			);
			name = CustomTemplate;
			sourceTree = "<group>";
		};
		29B97315FDCFA39411CA2CEA /* Other Sources */ = {
			isa = PBXGroup;
			children = (
				32CA4F630368D1EE00C91783 /* Agora-Prefix.pch */,
				29B97316FDCFA39411CA2CEA /* main.m */,
				ED33DF2A687741AEAF9F8254 /* Bridging-Header.h */,
			);
			name = "Other Sources";
			path = Agora;
			sourceTree = "<group>";
		};
		29B97317FDCFA39411CA2CEA /* Resources */ = {
			isa = PBXGroup;
			children = (
				0207DA571B56EA530066E2B4 /* Images.xcassets */,
				3047A50E1AB8057F00498E2A /* config */,
				8D1107310486CEB800E47090 /* Agora-Info.plist */,
				6AFF5BF81D6E424B00AB3073 /* CDVLaunchScreen.storyboard */,
			);
			name = Resources;
			path = Agora/Resources;
			sourceTree = "<group>";
		};
		29B97323FDCFA39411CA2CEA /* Frameworks */ = {
			isa = PBXGroup;
			children = (
				E400E1D528C4F98F50FFAA36 /* Pods_Agora.framework */,
			);
			name = Frameworks;
			sourceTree = "<group>";
		};
		301BF52E109A57CC0062928A /* Products */ = {
			isa = PBXGroup;
			children = (
				301BF535109A57CC0062928A /* libCordova.a */,
				907D8124214C687600058A10 /* Cordova.framework */,
			);
			name = Products;
			sourceTree = "<group>";
		};
		3047A50E1AB8057F00498E2A /* config */ = {
			isa = PBXGroup;
			children = (
				3047A50F1AB8059700498E2A /* build-debug.xcconfig */,
				3047A5101AB8059700498E2A /* build-release.xcconfig */,
				3047A5111AB8059700498E2A /* build.xcconfig */,
			);
			name = config;
			sourceTree = "<group>";
		};
		307C750510C5A3420062BCA9 /* Plugins */ = {
			isa = PBXGroup;
			children = (
				91826F562FFD45B6AA26A75F /* YogaAgora.m */,
				79439A66E08943C4AE19AFEC /* YogaAgoraShared.h */,
				1D4A76AE739A46DD9A9EE8EE /* YogaAgoraShared.m */,
				DFF1292C20354D2BB9619769 /* YogaAgoraReceiverView.h */,
				C1F6FA23ACBD4FBB8B35C659 /* YogaAgoraReceiverView.m */,
				0474FCD0A76D4356B59B0305 /* YogaAgoraReceiverCollectionView.h */,
				A97EB7281BA64E49B69213F6 /* YogaAgoraReceiverCollectionView.m */,
				E16CBEE4835A46FB8D2AE57A /* YogaAgoraReceiverCell.h */,
				6E061E034C9C4AD6804A8AD3 /* YogaAgoraReceiverCell.m */,
				F66CEAF5370B430F84998CD8 /* YogaAgoraSenderView.h */,
				23169D494A014C609994BE3C /* YogaAgoraSenderView.m */,
				00C625377AD64B038F89299B /* YogaAgoraReceiver.h */,
				656D2D0156EE40D8BB040484 /* YogaAgoraReceiver.m */,
				DA6D4A94852B43E982377F59 /* YogaAgoraSender.h */,
				A17EF302386E4A67895CFF92 /* YogaAgoraSender.m */,
				385F32174D1B45B2A0D6917B /* YogaAgoraUtil.h */,
				9617A61B5D5D46EBA1DFFC79 /* YogaAgoraUtil.m */,
				784E3A464D784091B8E4456B /* YogaAgoraUserModel.h */,
				37061DDC8C8E49C3A1E2342C /* YogaAgoraUserModel.m */,
				391350C8E86647A8AB7ED167 /* videoMute.png */,
				97C6424E3BCB4D5BB748C86A /* videoOn.png */,
				1156C8D4D01549FD968F04DF /* voiceMute.png */,
				ED4ABAE1EA794419BE521D76 /* voiceOn.png */,
			);
			name = Plugins;
			path = Agora/Plugins;
			sourceTree = SOURCE_ROOT;
		};
		36F0ACDEF5A5610761093297 /* Pods */ = {
			isa = PBXGroup;
			children = (
				4C8159BDE577C236D4E721F0 /* Pods-Agora.debug.xcconfig */,
				097FFC7F74731BBDB687BCB6 /* Pods-Agora.release.xcconfig */,
			);
			path = Pods;
			sourceTree = "<group>";
		};
		EB87FDF11871DA420020F90C /* Staging */ = {
			isa = PBXGroup;
			children = (
				F840E1F0165FE0F500CFE078 /* config.xml */,
				301BF56E109A69640062928A /* www */,
			);
			name = Staging;
			sourceTree = "<group>";
		};
/* End PBXGroup section */

/* Begin PBXNativeTarget section */
		1D6058900D05DD3D006BFB54 /* Agora */ = {
			isa = PBXNativeTarget;
			buildConfigurationList = 1D6058960D05DD3E006BFB54 /* Build configuration list for PBXNativeTarget "Agora" */;
			buildPhases = (
				CA5BB7CDE88B833626A0A4A3 /* [CP] Check Pods Manifest.lock */,
				304B58A110DAC018002A0835 /* Copy www directory */,
				1D60588D0D05DD3D006BFB54 /* Resources */,
				1D60588E0D05DD3D006BFB54 /* Sources */,
				1D60588F0D05DD3D006BFB54 /* Frameworks */,
				DC89882C1BA7B221B787BAFE /* [CP] Embed Pods Frameworks */,
			);
			buildRules = (
			);
			dependencies = (
				301BF551109A68C00062928A /* PBXTargetDependency */,
			);
			name = Agora;
			productName = Agora;
			productReference = 1D6058910D05DD3D006BFB54 /* Agora.app */;
			productType = "com.apple.product-type.application";
		};
/* End PBXNativeTarget section */

/* Begin PBXProject section */
		29B97313FDCFA39411CA2CEA /* Project object */ = {
			isa = PBXProject;
			attributes = {
				LastUpgradeCheck = 1130;
			};
			buildConfigurationList = C01FCF4E08A954540054247B /* Build configuration list for PBXProject "Agora" */;
			compatibilityVersion = "Xcode 11.0";
			developmentRegion = en;
			hasScannedForEncodings = 1;
			knownRegions = (
				en,
				Base,
			);
			mainGroup = 29B97314FDCFA39411CA2CEA;
			productRefGroup = 19C28FACFE9D520D11CA2CBB /* Products */;
			projectDirPath = "";
			projectReferences = (
				{
					ProductGroup = 301BF52E109A57CC0062928A /* Products */;
					ProjectRef = 301BF52D109A57CC0062928A /* CordovaLib.xcodeproj */;
				},
			);
			projectRoot = "";
			targets = (
				1D6058900D05DD3D006BFB54 /* Agora */,
			);
		};
/* End PBXProject section */

/* Begin PBXReferenceProxy section */
		301BF535109A57CC0062928A /* libCordova.a */ = {
			isa = PBXReferenceProxy;
			fileType = archive.ar;
			path = libCordova.a;
			remoteRef = 301BF534109A57CC0062928A /* PBXContainerItemProxy */;
			sourceTree = BUILT_PRODUCTS_DIR;
		};
		907D8124214C687600058A10 /* Cordova.framework */ = {
			isa = PBXReferenceProxy;
			fileType = wrapper.framework;
			path = Cordova.framework;
			remoteRef = 907D8123214C687600058A10 /* PBXContainerItemProxy */;
			sourceTree = BUILT_PRODUCTS_DIR;
		};
/* End PBXReferenceProxy section */

/* Begin PBXResourcesBuildPhase section */
		1D60588D0D05DD3D006BFB54 /* Resources */ = {
			isa = PBXResourcesBuildPhase;
			buildActionMask = 2147483647;
			files = (
				302D95F214D2391D003F00A1 /* MainViewController.xib in Resources */,
				0207DA581B56EA530066E2B4 /* Images.xcassets in Resources */,
				6AFF5BF91D6E424B00AB3073 /* CDVLaunchScreen.storyboard in Resources */,
			);
			runOnlyForDeploymentPostprocessing = 0;
		};
/* End PBXResourcesBuildPhase section */

/* Begin PBXShellScriptBuildPhase section */
		304B58A110DAC018002A0835 /* Copy www directory */ = {
			isa = PBXShellScriptBuildPhase;
			buildActionMask = 2147483647;
			files = (
			);
			inputPaths = (
			);
			name = "Copy www directory";
			outputPaths = (
			);
			runOnlyForDeploymentPostprocessing = 0;
			shellPath = /bin/sh;
			shellScript = "\"$SRCROOT/Agora/Scripts/copy-www-build-step.sh\"";
			showEnvVarsInLog = 0;
		};
		CA5BB7CDE88B833626A0A4A3 /* [CP] Check Pods Manifest.lock */ = {
			isa = PBXShellScriptBuildPhase;
			buildActionMask = 2147483647;
			files = (
			);
			inputFileListPaths = (
			);
			inputPaths = (
				"${PODS_PODFILE_DIR_PATH}/Podfile.lock",
				"${PODS_ROOT}/Manifest.lock",
			);
			name = "[CP] Check Pods Manifest.lock";
			outputFileListPaths = (
			);
			outputPaths = (
				"$(DERIVED_FILE_DIR)/Pods-Agora-checkManifestLockResult.txt",
			);
			runOnlyForDeploymentPostprocessing = 0;
			shellPath = /bin/sh;
			shellScript = "diff \"${PODS_PODFILE_DIR_PATH}/Podfile.lock\" \"${PODS_ROOT}/Manifest.lock\" > /dev/null\nif [ $? != 0 ] ; then\n    # print error to STDERR\n    echo \"error: The sandbox is not in sync with the Podfile.lock. Run 'pod install' or update your CocoaPods installation.\" >&2\n    exit 1\nfi\n# This output is used by Xcode 'outputs' to avoid re-running this script phase.\necho \"SUCCESS\" > \"${SCRIPT_OUTPUT_FILE_0}\"\n";
			showEnvVarsInLog = 0;
		};
		DC89882C1BA7B221B787BAFE /* [CP] Embed Pods Frameworks */ = {
			isa = PBXShellScriptBuildPhase;
			buildActionMask = 2147483647;
			files = (
			);
			inputFileListPaths = (
				"${PODS_ROOT}/Target Support Files/Pods-Agora/Pods-Agora-frameworks-${CONFIGURATION}-input-files.xcfilelist",
			);
			name = "[CP] Embed Pods Frameworks";
			outputFileListPaths = (
				"${PODS_ROOT}/Target Support Files/Pods-Agora/Pods-Agora-frameworks-${CONFIGURATION}-output-files.xcfilelist",
			);
			runOnlyForDeploymentPostprocessing = 0;
			shellPath = /bin/sh;
			shellScript = "\"${PODS_ROOT}/Target Support Files/Pods-Agora/Pods-Agora-frameworks.sh\"\n";
			showEnvVarsInLog = 0;
		};
/* End PBXShellScriptBuildPhase section */

/* Begin PBXSourcesBuildPhase section */
		1D60588E0D05DD3D006BFB54 /* Sources */ = {
			isa = PBXSourcesBuildPhase;
			buildActionMask = 2147483647;
			files = (
				1D60589B0D05DD56006BFB54 /* main.m in Sources */,
				1D3623260D0F684500981E51 /* AppDelegate.m in Sources */,
				302D95F114D2391D003F00A1 /* MainViewController.m in Sources */,
				45E30E2C4D564631920819D3 /* YogaAgora.m in Sources */,
				A0CE985B02544405852FB9B3 /* YogaAgoraShared.h in Sources */,
				58DF64D797F54978939B0232 /* YogaAgoraShared.m in Sources */,
				72045A7759F54D50965F6BEB /* YogaAgoraReceiverView.h in Sources */,
				C1E5058E41FD4CC3B998FA83 /* YogaAgoraReceiverView.m in Sources */,
				FD31A52354714928915E8A0E /* YogaAgoraReceiverCollectionView.h in Sources */,
				6039520802444D4D8D6CBA7F /* YogaAgoraReceiverCollectionView.m in Sources */,
				4F6E16E1862346D4BEC00033 /* YogaAgoraReceiverCell.h in Sources */,
				4F8E09B3D94445CE80363BE2 /* YogaAgoraReceiverCell.m in Sources */,
				44B3E4B1ABCE4BC9BF0BBC55 /* YogaAgoraSenderView.h in Sources */,
				51A48CC06B2847E1B353ED8D /* YogaAgoraSenderView.m in Sources */,
				29DDA88D15CB4792AA0B4D13 /* YogaAgoraReceiver.h in Sources */,
				ECAED403D9EE459E87248348 /* YogaAgoraReceiver.m in Sources */,
				E904AD8D231546359DE3CBC5 /* YogaAgoraSender.h in Sources */,
				8A73BBED88264F89871BEA58 /* YogaAgoraSender.m in Sources */,
				E22B1265AE0449C781751946 /* YogaAgoraUtil.h in Sources */,
				16F66EC69F674E38BCD1A722 /* YogaAgoraUtil.m in Sources */,
				0980152B5A6C492281CB85E3 /* YogaAgoraUserModel.h in Sources */,
				9BC397F9562C44DF8CF6E479 /* YogaAgoraUserModel.m in Sources */,
				04D2BCBE10D042FFA4C75EA2 /* videoMute.png in Sources */,
				759B8E46959E4600BD9B8FBB /* videoOn.png in Sources */,
				6A9BC856D1E14D12B0847DF6 /* voiceMute.png in Sources */,
				C59D19A858A54207B8B056ED /* voiceOn.png in Sources */,
			);
			runOnlyForDeploymentPostprocessing = 0;
		};
/* End PBXSourcesBuildPhase section */

/* Begin PBXTargetDependency section */
		301BF551109A68C00062928A /* PBXTargetDependency */ = {
			isa = PBXTargetDependency;
			name = CordovaLib;
			targetProxy = 301BF550109A68C00062928A /* PBXContainerItemProxy */;
		};
/* End PBXTargetDependency section */

/* Begin XCBuildConfiguration section */
		1D6058940D05DD3E006BFB54 /* Debug */ = {
			isa = XCBuildConfiguration;
			baseConfigurationReference = 3047A50F1AB8059700498E2A /* build-debug.xcconfig */;
			buildSettings = {
				ALWAYS_SEARCH_USER_PATHS = NO;
				ASSETCATALOG_COMPILER_APPICON_NAME = AppIcon;
				CLANG_ENABLE_MODULES = YES;
				CLANG_ENABLE_OBJC_ARC = YES;
				CODE_SIGN_STYLE = Manual;
				COPY_PHASE_STRIP = NO;
				DEVELOPMENT_TEAM = AXN7MM93V4;
				GCC_DYNAMIC_NO_PIC = NO;
				GCC_OPTIMIZATION_LEVEL = 0;
				GCC_PRECOMPILE_PREFIX_HEADER = YES;
				GCC_PREFIX_HEADER = "Agora/Agora-Prefix.pch";
				GCC_THUMB_SUPPORT = NO;
				GCC_VERSION = "";
				INFOPLIST_FILE = "Agora/Agora-Info.plist";
				IPHONEOS_DEPLOYMENT_TARGET = 11.0;
				LD_RUNPATH_SEARCH_PATHS = "@executable_path/Frameworks";
				PRODUCT_BUNDLE_IDENTIFIER = com.blockchain.dev;
				PRODUCT_NAME = "$(TARGET_NAME)";
				PROVISIONING_PROFILE_SPECIFIER = blockchaindevcommon;
				TARGETED_DEVICE_FAMILY = "1,2";
			};
			name = Debug;
		};
		1D6058950D05DD3E006BFB54 /* Release */ = {
			isa = XCBuildConfiguration;
			baseConfigurationReference = 3047A5101AB8059700498E2A /* build-release.xcconfig */;
			buildSettings = {
				ALWAYS_SEARCH_USER_PATHS = NO;
				ASSETCATALOG_COMPILER_APPICON_NAME = AppIcon;
				CLANG_ENABLE_MODULES = YES;
				CLANG_ENABLE_OBJC_ARC = YES;
				COPY_PHASE_STRIP = YES;
				GCC_PRECOMPILE_PREFIX_HEADER = YES;
				GCC_PREFIX_HEADER = "Agora/Agora-Prefix.pch";
				GCC_THUMB_SUPPORT = NO;
				GCC_VERSION = "";
				INFOPLIST_FILE = "Agora/Agora-Info.plist";
				IPHONEOS_DEPLOYMENT_TARGET = 11.0;
				LD_RUNPATH_SEARCH_PATHS = "@executable_path/Frameworks";
				PRODUCT_BUNDLE_IDENTIFIER = com.blockchain.dev;
				PRODUCT_NAME = "$(TARGET_NAME)";
				TARGETED_DEVICE_FAMILY = "1,2";
			};
			name = Release;
		};
		C01FCF4F08A954540054247B /* Debug */ = {
			isa = XCBuildConfiguration;
			baseConfigurationReference = 3047A5111AB8059700498E2A /* build.xcconfig */;
			buildSettings = {
				CLANG_ANALYZER_LOCALIZABILITY_NONLOCALIZED = YES;
				CLANG_ENABLE_MODULES = YES;
				CLANG_ENABLE_OBJC_ARC = YES;
				CLANG_WARN_BLOCK_CAPTURE_AUTORELEASING = YES;
				CLANG_WARN_BOOL_CONVERSION = YES;
				CLANG_WARN_COMMA = YES;
				CLANG_WARN_CONSTANT_CONVERSION = YES;
				CLANG_WARN_DEPRECATED_OBJC_IMPLEMENTATIONS = YES;
				CLANG_WARN_EMPTY_BODY = YES;
				CLANG_WARN_ENUM_CONVERSION = YES;
				CLANG_WARN_INFINITE_RECURSION = YES;
				CLANG_WARN_INT_CONVERSION = YES;
				CLANG_WARN_NON_LITERAL_NULL_CONVERSION = YES;
				CLANG_WARN_OBJC_IMPLICIT_RETAIN_SELF = YES;
				CLANG_WARN_OBJC_LITERAL_CONVERSION = YES;
				CLANG_WARN_RANGE_LOOP_ANALYSIS = YES;
				CLANG_WARN_STRICT_PROTOTYPES = YES;
				CLANG_WARN_SUSPICIOUS_MOVE = YES;
				CLANG_WARN_UNREACHABLE_CODE = YES;
				CLANG_WARN__DUPLICATE_METHOD_MATCH = YES;
				ENABLE_STRICT_OBJC_MSGSEND = YES;
				ENABLE_TESTABILITY = YES;
				GCC_C_LANGUAGE_STANDARD = c99;
				GCC_NO_COMMON_BLOCKS = YES;
				GCC_THUMB_SUPPORT = NO;
				GCC_VERSION = "";
				GCC_WARN_64_TO_32_BIT_CONVERSION = YES;
				GCC_WARN_ABOUT_RETURN_TYPE = YES;
				GCC_WARN_UNDECLARED_SELECTOR = YES;
				GCC_WARN_UNINITIALIZED_AUTOS = YES;
				GCC_WARN_UNUSED_FUNCTION = YES;
				GCC_WARN_UNUSED_VARIABLE = YES;
				IPHONEOS_DEPLOYMENT_TARGET = 11.0;
				ONLY_ACTIVE_ARCH = YES;
				SDKROOT = iphoneos;
				SKIP_INSTALL = NO;
				WK_WEB_VIEW_ONLY = 1;
			};
			name = Debug;
		};
		C01FCF5008A954540054247B /* Release */ = {
			isa = XCBuildConfiguration;
			baseConfigurationReference = 3047A5111AB8059700498E2A /* build.xcconfig */;
			buildSettings = {
				CLANG_ANALYZER_LOCALIZABILITY_NONLOCALIZED = YES;
				CLANG_ENABLE_MODULES = YES;
				CLANG_ENABLE_OBJC_ARC = YES;
				CLANG_WARN_BLOCK_CAPTURE_AUTORELEASING = YES;
				CLANG_WARN_BOOL_CONVERSION = YES;
				CLANG_WARN_COMMA = YES;
				CLANG_WARN_CONSTANT_CONVERSION = YES;
				CLANG_WARN_DEPRECATED_OBJC_IMPLEMENTATIONS = YES;
				CLANG_WARN_EMPTY_BODY = YES;
				CLANG_WARN_ENUM_CONVERSION = YES;
				CLANG_WARN_INFINITE_RECURSION = YES;
				CLANG_WARN_INT_CONVERSION = YES;
				CLANG_WARN_NON_LITERAL_NULL_CONVERSION = YES;
				CLANG_WARN_OBJC_IMPLICIT_RETAIN_SELF = YES;
				CLANG_WARN_OBJC_LITERAL_CONVERSION = YES;
				CLANG_WARN_RANGE_LOOP_ANALYSIS = YES;
				CLANG_WARN_STRICT_PROTOTYPES = YES;
				CLANG_WARN_SUSPICIOUS_MOVE = YES;
				CLANG_WARN_UNREACHABLE_CODE = YES;
				CLANG_WARN__DUPLICATE_METHOD_MATCH = YES;
				ENABLE_STRICT_OBJC_MSGSEND = YES;
				GCC_C_LANGUAGE_STANDARD = c99;
				GCC_NO_COMMON_BLOCKS = YES;
				GCC_THUMB_SUPPORT = NO;
				GCC_VERSION = "";
				GCC_WARN_64_TO_32_BIT_CONVERSION = YES;
				GCC_WARN_ABOUT_RETURN_TYPE = YES;
				GCC_WARN_UNDECLARED_SELECTOR = YES;
				GCC_WARN_UNINITIALIZED_AUTOS = YES;
				GCC_WARN_UNUSED_FUNCTION = YES;
				GCC_WARN_UNUSED_VARIABLE = YES;
				IPHONEOS_DEPLOYMENT_TARGET = 11.0;
				SDKROOT = iphoneos;
				SKIP_INSTALL = NO;
				WK_WEB_VIEW_ONLY = 1;
			};
			name = Release;
		};
/* End XCBuildConfiguration section */

/* Begin XCConfigurationList section */
		1D6058960D05DD3E006BFB54 /* Build configuration list for PBXNativeTarget "Agora" */ = {
			isa = XCConfigurationList;
			buildConfigurations = (
				1D6058940D05DD3E006BFB54 /* Debug */,
				1D6058950D05DD3E006BFB54 /* Release */,
			);
			defaultConfigurationIsVisible = 0;
			defaultConfigurationName = Release;
		};
		C01FCF4E08A954540054247B /* Build configuration list for PBXProject "Agora" */ = {
			isa = XCConfigurationList;
			buildConfigurations = (
				C01FCF4F08A954540054247B /* Debug */,
				C01FCF5008A954540054247B /* Release */,
			);
			defaultConfigurationIsVisible = 0;
			defaultConfigurationName = Release;
		};
/* End XCConfigurationList section */
	};
	rootObject = 29B97313FDCFA39411CA2CEA /* Project object */;
}
